// !$*UTF8*$!
{
	archiveVersion = 1;
	classes = {
	};
	objectVersion = 46;
	objects = {

/* Begin PBXBuildFile section */
		693829371E1A4CBA0033BEE1 /* MCSwipeTableViewCell.m in Sources */ = {isa = PBXBuildFile; fileRef = 693829361E1A4CBA0033BEE1 /* MCSwipeTableViewCell.m */; };
		693829421E1A5A3C0033BEE1 /* check.png in Resources */ = {isa = PBXBuildFile; fileRef = 693829411E1A5A3C0033BEE1 /* check.png */; };
		693829441E1A5A440033BEE1 /* cross.png in Resources */ = {isa = PBXBuildFile; fileRef = 693829431E1A5A440033BEE1 /* cross.png */; };
		A822BF2C1E0AA198005AA84B /* Screen Shot 2016-12-21 at 5.09.45 PM.png in Resources */ = {isa = PBXBuildFile; fileRef = A822BF2B1E0AA198005AA84B /* Screen Shot 2016-12-21 at 5.09.45 PM.png */; };
		A822BF361E0AA404005AA84B /* Screen Shot 2016-12-21 at 5.18.55 PM.png in Resources */ = {isa = PBXBuildFile; fileRef = A822BF331E0AA404005AA84B /* Screen Shot 2016-12-21 at 5.18.55 PM.png */; };
		A822BF371E0AA404005AA84B /* Screen Shot 2016-12-21 at 5.19.22 PM.png in Resources */ = {isa = PBXBuildFile; fileRef = A822BF341E0AA404005AA84B /* Screen Shot 2016-12-21 at 5.19.22 PM.png */; };
		A822BF381E0AA404005AA84B /* Screen Shot 2016-12-21 at 5.19.52 PM.png in Resources */ = {isa = PBXBuildFile; fileRef = A822BF351E0AA404005AA84B /* Screen Shot 2016-12-21 at 5.19.52 PM.png */; };
		A822BF3B1E0AA77B005AA84B /* Legal.m in Sources */ = {isa = PBXBuildFile; fileRef = A822BF3A1E0AA77B005AA84B /* Legal.m */; };
		A822BF471E0AB426005AA84B /* 4ByUK.png in Resources */ = {isa = PBXBuildFile; fileRef = A822BF461E0AB426005AA84B /* 4ByUK.png */; };
		A82807A91E14DFE900DF84CF /* AudioToolbox.framework in Frameworks */ = {isa = PBXBuildFile; fileRef = A82807A81E14DFE900DF84CF /* AudioToolbox.framework */; };
		A82807AB1E14E10F00DF84CF /* oh-really.caf in Resources */ = {isa = PBXBuildFile; fileRef = A82807A01E14D21100DF84CF /* oh-really.caf */; };
		A8299CAF1E0BF393008B7282 /* Images.xcassets in Resources */ = {isa = PBXBuildFile; fileRef = A8299CAE1E0BF393008B7282 /* Images.xcassets */; };
		A8299CB31E0BF723008B7282 /* Screen Shot 2016-12-22 at 5.01.16 PM.png in Resources */ = {isa = PBXBuildFile; fileRef = A8299CB21E0BF723008B7282 /* Screen Shot 2016-12-22 at 5.01.16 PM.png */; };
		A82D4FBE1E10F68B00132A4E /* AccepteTermsAndConditions.m in Sources */ = {isa = PBXBuildFile; fileRef = A82D4FBD1E10F68B00132A4E /* AccepteTermsAndConditions.m */; };
		A82D4FC11E110D6800132A4E /* Checkbox_-_Checked-128.png in Resources */ = {isa = PBXBuildFile; fileRef = A82D4FBF1E110D6800132A4E /* Checkbox_-_Checked-128.png */; };
		A82D4FC21E110D6800132A4E /* Checkbox-128.png in Resources */ = {isa = PBXBuildFile; fileRef = A82D4FC01E110D6800132A4E /* Checkbox-128.png */; };
		A841FCD81E0924AB007E70A0 /* NSCalendar+Components.m in Sources */ = {isa = PBXBuildFile; fileRef = A841FCA41E0924AB007E70A0 /* NSCalendar+Components.m */; };
		A841FCD91E0924AB007E70A0 /* NSCalendar+DateComparison.m in Sources */ = {isa = PBXBuildFile; fileRef = A841FCA61E0924AB007E70A0 /* NSCalendar+DateComparison.m */; };
		A841FCDA1E0924AB007E70A0 /* NSCalendar+DateManipulation.m in Sources */ = {isa = PBXBuildFile; fileRef = A841FCA81E0924AB007E70A0 /* NSCalendar+DateManipulation.m */; };
		A841FCDB1E0924AB007E70A0 /* NSCalendar+Juncture.m in Sources */ = {isa = PBXBuildFile; fileRef = A841FCAA1E0924AB007E70A0 /* NSCalendar+Juncture.m */; };
		A841FCDC1E0924AB007E70A0 /* NSCalendar+Ranges.m in Sources */ = {isa = PBXBuildFile; fileRef = A841FCAC1E0924AB007E70A0 /* NSCalendar+Ranges.m */; };
		A841FCDD1E0924AB007E70A0 /* NSDate+Components.m in Sources */ = {isa = PBXBuildFile; fileRef = A841FCB01E0924AB007E70A0 /* NSDate+Components.m */; };
		A841FCDE1E0924AB007E70A0 /* NSDate+Description.m in Sources */ = {isa = PBXBuildFile; fileRef = A841FCB21E0924AB007E70A0 /* NSDate+Description.m */; };
		A841FCDF1E0924AB007E70A0 /* NSDateComponents+AllComponents.m in Sources */ = {isa = PBXBuildFile; fileRef = A841FCB41E0924AB007E70A0 /* NSDateComponents+AllComponents.m */; };
		A841FCE01E0924AB007E70A0 /* NSString+Color.m in Sources */ = {isa = PBXBuildFile; fileRef = A841FCB61E0924AB007E70A0 /* NSString+Color.m */; };
		A841FCE11E0924AB007E70A0 /* UIColor+HexString.m in Sources */ = {isa = PBXBuildFile; fileRef = A841FCB91E0924AB007E70A0 /* UIColor+HexString.m */; };
		A841FCE21E0924AB007E70A0 /* UIView+AnimatedFrame.m in Sources */ = {isa = PBXBuildFile; fileRef = A841FCBC1E0924AB007E70A0 /* UIView+AnimatedFrame.m */; };
		A841FCE31E0924AB007E70A0 /* UIView+Border.m in Sources */ = {isa = PBXBuildFile; fileRef = A841FCBE1E0924AB007E70A0 /* UIView+Border.m */; };
		A841FCE41E0924AB007E70A0 /* CKCalendarCell.m in Sources */ = {isa = PBXBuildFile; fileRef = A841FCC11E0924AB007E70A0 /* CKCalendarCell.m */; };
		A841FCE51E0924AB007E70A0 /* CKCalendarEvent.m in Sources */ = {isa = PBXBuildFile; fileRef = A841FCC31E0924AB007E70A0 /* CKCalendarEvent.m */; };
		A841FCE61E0924AB007E70A0 /* CKCalendarHeaderView.m in Sources */ = {isa = PBXBuildFile; fileRef = A841FCC51E0924AB007E70A0 /* CKCalendarHeaderView.m */; };
		A841FCE71E0924AB007E70A0 /* CKCalendarView.m in Sources */ = {isa = PBXBuildFile; fileRef = A841FCC71E0924AB007E70A0 /* CKCalendarView.m */; };
		A841FCE81E0924AB007E70A0 /* CKTableViewCell.m in Sources */ = {isa = PBXBuildFile; fileRef = A841FCC91E0924AB007E70A0 /* CKTableViewCell.m */; };
		A841FCE91E0924AB007E70A0 /* MBPolygonView.m in Sources */ = {isa = PBXBuildFile; fileRef = A841FCCB1E0924AB007E70A0 /* MBPolygonView.m */; };
		A841FCEA1E0924AB007E70A0 /* CKCalendarViewController.m in Sources */ = {isa = PBXBuildFile; fileRef = A841FCD51E0924AB007E70A0 /* CKCalendarViewController.m */; };
		A841FCEB1E0924AB007E70A0 /* CKCalendarViewControllerInternal.m in Sources */ = {isa = PBXBuildFile; fileRef = A841FCD71E0924AB007E70A0 /* CKCalendarViewControllerInternal.m */; };
		A841FCF11E093C3D007E70A0 /* CKDemoViewController.m in Sources */ = {isa = PBXBuildFile; fileRef = A841FCF01E093C3D007E70A0 /* CKDemoViewController.m */; };
		A846FB811E03BAD300AA98A9 /* main.m in Sources */ = {isa = PBXBuildFile; fileRef = A846FB801E03BAD300AA98A9 /* main.m */; };
		A846FB841E03BAD300AA98A9 /* AppDelegate.m in Sources */ = {isa = PBXBuildFile; fileRef = A846FB831E03BAD300AA98A9 /* AppDelegate.m */; };
		A846FB8A1E03BAD300AA98A9 /* Main.storyboard in Resources */ = {isa = PBXBuildFile; fileRef = A846FB881E03BAD300AA98A9 /* Main.storyboard */; };
		A846FB8D1E03BAD300AA98A9 /* nemapp.xcdatamodeld in Sources */ = {isa = PBXBuildFile; fileRef = A846FB8B1E03BAD300AA98A9 /* nemapp.xcdatamodeld */; };
		A846FB8F1E03BAD300AA98A9 /* Assets.xcassets in Resources */ = {isa = PBXBuildFile; fileRef = A846FB8E1E03BAD300AA98A9 /* Assets.xcassets */; };
		A846FB9D1E03BAD300AA98A9 /* nemappTests.m in Sources */ = {isa = PBXBuildFile; fileRef = A846FB9C1E03BAD300AA98A9 /* nemappTests.m */; };
		A846FBA81E03BAD300AA98A9 /* nemappUITests.m in Sources */ = {isa = PBXBuildFile; fileRef = A846FBA71E03BAD300AA98A9 /* nemappUITests.m */; };
		A846FBB71E03BFE000AA98A9 /* Add.m in Sources */ = {isa = PBXBuildFile; fileRef = A846FBB61E03BFE000AA98A9 /* Add.m */; };
		A846FBBD1E03C63B00AA98A9 /* TodayList.m in Sources */ = {isa = PBXBuildFile; fileRef = A846FBBC1E03C63B00AA98A9 /* TodayList.m */; };
		A846FBC31E03CEE500AA98A9 /* Setting.m in Sources */ = {isa = PBXBuildFile; fileRef = A846FBC21E03CEE500AA98A9 /* Setting.m */; };
		A846FBEB1E03FB2700AA98A9 /* IQNSArray+Sort.m in Sources */ = {isa = PBXBuildFile; fileRef = A846FBC91E03FB2700AA98A9 /* IQNSArray+Sort.m */; };
		A846FBEC1E03FB2700AA98A9 /* IQUIScrollView+Additions.m in Sources */ = {isa = PBXBuildFile; fileRef = A846FBCB1E03FB2700AA98A9 /* IQUIScrollView+Additions.m */; };
		A846FBED1E03FB2700AA98A9 /* IQUITextFieldView+Additions.m in Sources */ = {isa = PBXBuildFile; fileRef = A846FBCD1E03FB2700AA98A9 /* IQUITextFieldView+Additions.m */; };
		A846FBEE1E03FB2700AA98A9 /* IQUIView+Hierarchy.m in Sources */ = {isa = PBXBuildFile; fileRef = A846FBCF1E03FB2700AA98A9 /* IQUIView+Hierarchy.m */; };
		A846FBEF1E03FB2700AA98A9 /* IQUIViewController+Additions.m in Sources */ = {isa = PBXBuildFile; fileRef = A846FBD11E03FB2700AA98A9 /* IQUIViewController+Additions.m */; };
		A846FBF01E03FB2700AA98A9 /* IQUIWindow+Hierarchy.m in Sources */ = {isa = PBXBuildFile; fileRef = A846FBD31E03FB2700AA98A9 /* IQUIWindow+Hierarchy.m */; };
		A846FBF11E03FB2700AA98A9 /* IQKeyboardManager.m in Sources */ = {isa = PBXBuildFile; fileRef = A846FBD81E03FB2700AA98A9 /* IQKeyboardManager.m */; };
		A846FBF21E03FB2700AA98A9 /* IQKeyboardReturnKeyHandler.m in Sources */ = {isa = PBXBuildFile; fileRef = A846FBDA1E03FB2700AA98A9 /* IQKeyboardReturnKeyHandler.m */; };
		A846FBF31E03FB2700AA98A9 /* IQTextView.m in Sources */ = {isa = PBXBuildFile; fileRef = A846FBDD1E03FB2700AA98A9 /* IQTextView.m */; };
		A846FBF41E03FB2700AA98A9 /* IQBarButtonItem.m in Sources */ = {isa = PBXBuildFile; fileRef = A846FBE01E03FB2700AA98A9 /* IQBarButtonItem.m */; };
		A846FBF51E03FB2700AA98A9 /* IQPreviousNextView.m in Sources */ = {isa = PBXBuildFile; fileRef = A846FBE21E03FB2700AA98A9 /* IQPreviousNextView.m */; };
		A846FBF61E03FB2700AA98A9 /* IQTitleBarButtonItem.m in Sources */ = {isa = PBXBuildFile; fileRef = A846FBE41E03FB2700AA98A9 /* IQTitleBarButtonItem.m */; };
		A846FBF71E03FB2700AA98A9 /* IQToolbar.m in Sources */ = {isa = PBXBuildFile; fileRef = A846FBE61E03FB2700AA98A9 /* IQToolbar.m */; };
		A846FBF81E03FB2700AA98A9 /* IQUIView+IQKeyboardToolbar.m in Sources */ = {isa = PBXBuildFile; fileRef = A846FBE81E03FB2700AA98A9 /* IQUIView+IQKeyboardToolbar.m */; };
		A846FBF91E03FB2700AA98A9 /* IQKeyboardManager.bundle in Resources */ = {isa = PBXBuildFile; fileRef = A846FBEA1E03FB2700AA98A9 /* IQKeyboardManager.bundle */; };
		A846FBFB1E03FE7E00AA98A9 /* CoreData.framework in Frameworks */ = {isa = PBXBuildFile; fileRef = A846FBFA1E03FE7E00AA98A9 /* CoreData.framework */; };
		A846FC361E040A9100AA98A9 /* CoreGraphics.framework in Frameworks */ = {isa = PBXBuildFile; fileRef = A846FC351E040A9100AA98A9 /* CoreGraphics.framework */; };
		A846FC381E040A9700AA98A9 /* UIKit.framework in Frameworks */ = {isa = PBXBuildFile; fileRef = A846FC371E040A9700AA98A9 /* UIKit.framework */; };
		A846FC3A1E040A9D00AA98A9 /* Foundation.framework in Frameworks */ = {isa = PBXBuildFile; fileRef = A846FC391E040A9D00AA98A9 /* Foundation.framework */; };
		A84887B61E0D38A200DBB79B /* menu2.png in Resources */ = {isa = PBXBuildFile; fileRef = A84887B51E0D38A200DBB79B /* menu2.png */; };
		A84887B91E0D437C00DBB79B /* mg_cell.m in Sources */ = {isa = PBXBuildFile; fileRef = A84887B81E0D437C00DBB79B /* mg_cell.m */; };
		A84887BC1E0D4D5300DBB79B /* Website.m in Sources */ = {isa = PBXBuildFile; fileRef = A84887BB1E0D4D5300DBB79B /* Website.m */; };
		A84887BF1E0D570B00DBB79B /* SettingCell.m in Sources */ = {isa = PBXBuildFile; fileRef = A84887BE1E0D570B00DBB79B /* SettingCell.m */; };
		A84C902E1EA09DAD0078F6C4 /* Launch Screen.storyboard in Resources */ = {isa = PBXBuildFile; fileRef = A84C902D1EA09DAD0078F6C4 /* Launch Screen.storyboard */; };
		A84C90301EA09DF10078F6C4 /* 4444.png in Resources */ = {isa = PBXBuildFile; fileRef = A84C902F1EA09DF10078F6C4 /* 4444.png */; };
		A84C90321EA09FF30078F6C4 /* Screen Shot 2017-04-14 at 11.40.39 AM.png in Resources */ = {isa = PBXBuildFile; fileRef = A84C90311EA09FF30078F6C4 /* Screen Shot 2017-04-14 at 11.40.39 AM.png */; };
		A84C90341EA09FFC0078F6C4 /* Screen Shot 2017-04-14 at 11.40.25 AM.png in Resources */ = {isa = PBXBuildFile; fileRef = A84C90331EA09FFC0078F6C4 /* Screen Shot 2017-04-14 at 11.40.25 AM.png */; };
		A8523A861E050E0A00AD1C5B /* AllSchedule.m in Sources */ = {isa = PBXBuildFile; fileRef = A8523A851E050E0A00AD1C5B /* AllSchedule.m */; };
		A8523A891E050E2400AD1C5B /* AllscheduleCell.m in Sources */ = {isa = PBXBuildFile; fileRef = A8523A881E050E2400AD1C5B /* AllscheduleCell.m */; };
/* End PBXBuildFile section */

/* Begin PBXContainerItemProxy section */
		A846FB991E03BAD300AA98A9 /* PBXContainerItemProxy */ = {
			isa = PBXContainerItemProxy;
			containerPortal = A846FB741E03BAD300AA98A9 /* Project object */;
			proxyType = 1;
			remoteGlobalIDString = A846FB7B1E03BAD300AA98A9;
			remoteInfo = nemapp;
		};
		A846FBA41E03BAD300AA98A9 /* PBXContainerItemProxy */ = {
			isa = PBXContainerItemProxy;
			containerPortal = A846FB741E03BAD300AA98A9 /* Project object */;
			proxyType = 1;
			remoteGlobalIDString = A846FB7B1E03BAD300AA98A9;
			remoteInfo = nemapp;
		};
/* End PBXContainerItemProxy section */

/* Begin PBXFileReference section */
		693829351E1A4CBA0033BEE1 /* MCSwipeTableViewCell.h */ = {isa = PBXFileReference; fileEncoding = 4; lastKnownFileType = sourcecode.c.h; path = MCSwipeTableViewCell.h; sourceTree = "<group>"; };
		693829361E1A4CBA0033BEE1 /* MCSwipeTableViewCell.m */ = {isa = PBXFileReference; fileEncoding = 4; lastKnownFileType = sourcecode.c.objc; path = MCSwipeTableViewCell.m; sourceTree = "<group>"; };
		693829411E1A5A3C0033BEE1 /* check.png */ = {isa = PBXFileReference; lastKnownFileType = image.png; path = check.png; sourceTree = "<group>"; };
		693829431E1A5A440033BEE1 /* cross.png */ = {isa = PBXFileReference; lastKnownFileType = image.png; path = cross.png; sourceTree = "<group>"; };
		A822BF2B1E0AA198005AA84B /* Screen Shot 2016-12-21 at 5.09.45 PM.png */ = {isa = PBXFileReference; lastKnownFileType = image.png; path = "Screen Shot 2016-12-21 at 5.09.45 PM.png"; sourceTree = "<group>"; };
		A822BF331E0AA404005AA84B /* Screen Shot 2016-12-21 at 5.18.55 PM.png */ = {isa = PBXFileReference; lastKnownFileType = image.png; path = "Screen Shot 2016-12-21 at 5.18.55 PM.png"; sourceTree = "<group>"; };
		A822BF341E0AA404005AA84B /* Screen Shot 2016-12-21 at 5.19.22 PM.png */ = {isa = PBXFileReference; lastKnownFileType = image.png; path = "Screen Shot 2016-12-21 at 5.19.22 PM.png"; sourceTree = "<group>"; };
		A822BF351E0AA404005AA84B /* Screen Shot 2016-12-21 at 5.19.52 PM.png */ = {isa = PBXFileReference; lastKnownFileType = image.png; path = "Screen Shot 2016-12-21 at 5.19.52 PM.png"; sourceTree = "<group>"; };
		A822BF391E0AA77B005AA84B /* Legal.h */ = {isa = PBXFileReference; fileEncoding = 4; lastKnownFileType = sourcecode.c.h; path = Legal.h; sourceTree = "<group>"; };
		A822BF3A1E0AA77B005AA84B /* Legal.m */ = {isa = PBXFileReference; fileEncoding = 4; lastKnownFileType = sourcecode.c.objc; path = Legal.m; sourceTree = "<group>"; };
		A822BF461E0AB426005AA84B /* 4ByUK.png */ = {isa = PBXFileReference; lastKnownFileType = image.png; path = 4ByUK.png; sourceTree = "<group>"; };
		A82807A01E14D21100DF84CF /* oh-really.caf */ = {isa = PBXFileReference; lastKnownFileType = file; name = "oh-really.caf"; path = "../oh-really.caf"; sourceTree = "<group>"; };
		A82807A51E14DEAA00DF84CF /* nemapp.entitlements */ = {isa = PBXFileReference; lastKnownFileType = text.xml; path = nemapp.entitlements; sourceTree = "<group>"; };
		A82807A81E14DFE900DF84CF /* AudioToolbox.framework */ = {isa = PBXFileReference; lastKnownFileType = wrapper.framework; name = AudioToolbox.framework; path = System/Library/Frameworks/AudioToolbox.framework; sourceTree = SDKROOT; };
		A8299CAE1E0BF393008B7282 /* Images.xcassets */ = {isa = PBXFileReference; lastKnownFileType = folder.assetcatalog; path = Images.xcassets; sourceTree = "<group>"; };
		A8299CB21E0BF723008B7282 /* Screen Shot 2016-12-22 at 5.01.16 PM.png */ = {isa = PBXFileReference; lastKnownFileType = image.png; path = "Screen Shot 2016-12-22 at 5.01.16 PM.png"; sourceTree = "<group>"; };
		A82D4FBC1E10F68B00132A4E /* AccepteTermsAndConditions.h */ = {isa = PBXFileReference; fileEncoding = 4; lastKnownFileType = sourcecode.c.h; path = AccepteTermsAndConditions.h; sourceTree = "<group>"; };
		A82D4FBD1E10F68B00132A4E /* AccepteTermsAndConditions.m */ = {isa = PBXFileReference; fileEncoding = 4; lastKnownFileType = sourcecode.c.objc; path = AccepteTermsAndConditions.m; sourceTree = "<group>"; };
		A82D4FBF1E110D6800132A4E /* Checkbox_-_Checked-128.png */ = {isa = PBXFileReference; lastKnownFileType = image.png; name = "Checkbox_-_Checked-128.png"; path = "MGSwipeTableCell/Checkbox_-_Checked-128.png"; sourceTree = "<group>"; };
		A82D4FC01E110D6800132A4E /* Checkbox-128.png */ = {isa = PBXFileReference; lastKnownFileType = image.png; name = "Checkbox-128.png"; path = "MGSwipeTableCell/Checkbox-128.png"; sourceTree = "<group>"; };
		A841FC9F1E0924AB007E70A0 /* CalendarKit.h */ = {isa = PBXFileReference; fileEncoding = 4; lastKnownFileType = sourcecode.c.h; path = CalendarKit.h; sourceTree = "<group>"; };
		A841FCA31E0924AB007E70A0 /* NSCalendar+Components.h */ = {isa = PBXFileReference; fileEncoding = 4; lastKnownFileType = sourcecode.c.h; path = "NSCalendar+Components.h"; sourceTree = "<group>"; };
		A841FCA41E0924AB007E70A0 /* NSCalendar+Components.m */ = {isa = PBXFileReference; fileEncoding = 4; lastKnownFileType = sourcecode.c.objc; path = "NSCalendar+Components.m"; sourceTree = "<group>"; };
		A841FCA51E0924AB007E70A0 /* NSCalendar+DateComparison.h */ = {isa = PBXFileReference; fileEncoding = 4; lastKnownFileType = sourcecode.c.h; path = "NSCalendar+DateComparison.h"; sourceTree = "<group>"; };
		A841FCA61E0924AB007E70A0 /* NSCalendar+DateComparison.m */ = {isa = PBXFileReference; fileEncoding = 4; lastKnownFileType = sourcecode.c.objc; path = "NSCalendar+DateComparison.m"; sourceTree = "<group>"; };
		A841FCA71E0924AB007E70A0 /* NSCalendar+DateManipulation.h */ = {isa = PBXFileReference; fileEncoding = 4; lastKnownFileType = sourcecode.c.h; path = "NSCalendar+DateManipulation.h"; sourceTree = "<group>"; };
		A841FCA81E0924AB007E70A0 /* NSCalendar+DateManipulation.m */ = {isa = PBXFileReference; fileEncoding = 4; lastKnownFileType = sourcecode.c.objc; path = "NSCalendar+DateManipulation.m"; sourceTree = "<group>"; };
		A841FCA91E0924AB007E70A0 /* NSCalendar+Juncture.h */ = {isa = PBXFileReference; fileEncoding = 4; lastKnownFileType = sourcecode.c.h; path = "NSCalendar+Juncture.h"; sourceTree = "<group>"; };
		A841FCAA1E0924AB007E70A0 /* NSCalendar+Juncture.m */ = {isa = PBXFileReference; fileEncoding = 4; lastKnownFileType = sourcecode.c.objc; path = "NSCalendar+Juncture.m"; sourceTree = "<group>"; };
		A841FCAB1E0924AB007E70A0 /* NSCalendar+Ranges.h */ = {isa = PBXFileReference; fileEncoding = 4; lastKnownFileType = sourcecode.c.h; path = "NSCalendar+Ranges.h"; sourceTree = "<group>"; };
		A841FCAC1E0924AB007E70A0 /* NSCalendar+Ranges.m */ = {isa = PBXFileReference; fileEncoding = 4; lastKnownFileType = sourcecode.c.objc; path = "NSCalendar+Ranges.m"; sourceTree = "<group>"; };
		A841FCAD1E0924AB007E70A0 /* NSCalendarCategories.h */ = {isa = PBXFileReference; fileEncoding = 4; lastKnownFileType = sourcecode.c.h; path = NSCalendarCategories.h; sourceTree = "<group>"; };
		A841FCAF1E0924AB007E70A0 /* NSDate+Components.h */ = {isa = PBXFileReference; fileEncoding = 4; lastKnownFileType = sourcecode.c.h; path = "NSDate+Components.h"; sourceTree = "<group>"; };
		A841FCB01E0924AB007E70A0 /* NSDate+Components.m */ = {isa = PBXFileReference; fileEncoding = 4; lastKnownFileType = sourcecode.c.objc; path = "NSDate+Components.m"; sourceTree = "<group>"; };
		A841FCB11E0924AB007E70A0 /* NSDate+Description.h */ = {isa = PBXFileReference; fileEncoding = 4; lastKnownFileType = sourcecode.c.h; path = "NSDate+Description.h"; sourceTree = "<group>"; };
		A841FCB21E0924AB007E70A0 /* NSDate+Description.m */ = {isa = PBXFileReference; fileEncoding = 4; lastKnownFileType = sourcecode.c.objc; path = "NSDate+Description.m"; sourceTree = "<group>"; };
		A841FCB31E0924AB007E70A0 /* NSDateComponents+AllComponents.h */ = {isa = PBXFileReference; fileEncoding = 4; lastKnownFileType = sourcecode.c.h; path = "NSDateComponents+AllComponents.h"; sourceTree = "<group>"; };
		A841FCB41E0924AB007E70A0 /* NSDateComponents+AllComponents.m */ = {isa = PBXFileReference; fileEncoding = 4; lastKnownFileType = sourcecode.c.objc; path = "NSDateComponents+AllComponents.m"; sourceTree = "<group>"; };
		A841FCB51E0924AB007E70A0 /* NSString+Color.h */ = {isa = PBXFileReference; fileEncoding = 4; lastKnownFileType = sourcecode.c.h; path = "NSString+Color.h"; sourceTree = "<group>"; };
		A841FCB61E0924AB007E70A0 /* NSString+Color.m */ = {isa = PBXFileReference; fileEncoding = 4; lastKnownFileType = sourcecode.c.objc; path = "NSString+Color.m"; sourceTree = "<group>"; };
		A841FCB81E0924AB007E70A0 /* UIColor+HexString.h */ = {isa = PBXFileReference; fileEncoding = 4; lastKnownFileType = sourcecode.c.h; path = "UIColor+HexString.h"; sourceTree = "<group>"; };
		A841FCB91E0924AB007E70A0 /* UIColor+HexString.m */ = {isa = PBXFileReference; fileEncoding = 4; lastKnownFileType = sourcecode.c.objc; path = "UIColor+HexString.m"; sourceTree = "<group>"; };
		A841FCBB1E0924AB007E70A0 /* UIView+AnimatedFrame.h */ = {isa = PBXFileReference; fileEncoding = 4; lastKnownFileType = sourcecode.c.h; path = "UIView+AnimatedFrame.h"; sourceTree = "<group>"; };
		A841FCBC1E0924AB007E70A0 /* UIView+AnimatedFrame.m */ = {isa = PBXFileReference; fileEncoding = 4; lastKnownFileType = sourcecode.c.objc; path = "UIView+AnimatedFrame.m"; sourceTree = "<group>"; };
		A841FCBD1E0924AB007E70A0 /* UIView+Border.h */ = {isa = PBXFileReference; fileEncoding = 4; lastKnownFileType = sourcecode.c.h; path = "UIView+Border.h"; sourceTree = "<group>"; };
		A841FCBE1E0924AB007E70A0 /* UIView+Border.m */ = {isa = PBXFileReference; fileEncoding = 4; lastKnownFileType = sourcecode.c.objc; path = "UIView+Border.m"; sourceTree = "<group>"; };
		A841FCC01E0924AB007E70A0 /* CKCalendarCell.h */ = {isa = PBXFileReference; fileEncoding = 4; lastKnownFileType = sourcecode.c.h; path = CKCalendarCell.h; sourceTree = "<group>"; };
		A841FCC11E0924AB007E70A0 /* CKCalendarCell.m */ = {isa = PBXFileReference; fileEncoding = 4; lastKnownFileType = sourcecode.c.objc; path = CKCalendarCell.m; sourceTree = "<group>"; };
		A841FCC21E0924AB007E70A0 /* CKCalendarEvent.h */ = {isa = PBXFileReference; fileEncoding = 4; lastKnownFileType = sourcecode.c.h; path = CKCalendarEvent.h; sourceTree = "<group>"; };
		A841FCC31E0924AB007E70A0 /* CKCalendarEvent.m */ = {isa = PBXFileReference; fileEncoding = 4; lastKnownFileType = sourcecode.c.objc; path = CKCalendarEvent.m; sourceTree = "<group>"; };
		A841FCC41E0924AB007E70A0 /* CKCalendarHeaderView.h */ = {isa = PBXFileReference; fileEncoding = 4; lastKnownFileType = sourcecode.c.h; path = CKCalendarHeaderView.h; sourceTree = "<group>"; };
		A841FCC51E0924AB007E70A0 /* CKCalendarHeaderView.m */ = {isa = PBXFileReference; fileEncoding = 4; lastKnownFileType = sourcecode.c.objc; path = CKCalendarHeaderView.m; sourceTree = "<group>"; };
		A841FCC61E0924AB007E70A0 /* CKCalendarView.h */ = {isa = PBXFileReference; fileEncoding = 4; lastKnownFileType = sourcecode.c.h; path = CKCalendarView.h; sourceTree = "<group>"; };
		A841FCC71E0924AB007E70A0 /* CKCalendarView.m */ = {isa = PBXFileReference; fileEncoding = 4; lastKnownFileType = sourcecode.c.objc; path = CKCalendarView.m; sourceTree = "<group>"; };
		A841FCC81E0924AB007E70A0 /* CKTableViewCell.h */ = {isa = PBXFileReference; fileEncoding = 4; lastKnownFileType = sourcecode.c.h; path = CKTableViewCell.h; sourceTree = "<group>"; };
		A841FCC91E0924AB007E70A0 /* CKTableViewCell.m */ = {isa = PBXFileReference; fileEncoding = 4; lastKnownFileType = sourcecode.c.objc; path = CKTableViewCell.m; sourceTree = "<group>"; };
		A841FCCA1E0924AB007E70A0 /* MBPolygonView.h */ = {isa = PBXFileReference; fileEncoding = 4; lastKnownFileType = sourcecode.c.h; path = MBPolygonView.h; sourceTree = "<group>"; };
		A841FCCB1E0924AB007E70A0 /* MBPolygonView.m */ = {isa = PBXFileReference; fileEncoding = 4; lastKnownFileType = sourcecode.c.objc; path = MBPolygonView.m; sourceTree = "<group>"; };
		A841FCCD1E0924AB007E70A0 /* CKCalendarCellColors.h */ = {isa = PBXFileReference; fileEncoding = 4; lastKnownFileType = sourcecode.c.h; path = CKCalendarCellColors.h; sourceTree = "<group>"; };
		A841FCCE1E0924AB007E70A0 /* CKCalendarDataSource.h */ = {isa = PBXFileReference; fileEncoding = 4; lastKnownFileType = sourcecode.c.h; path = CKCalendarDataSource.h; sourceTree = "<group>"; };
		A841FCCF1E0924AB007E70A0 /* CKCalendarDelegate.h */ = {isa = PBXFileReference; fileEncoding = 4; lastKnownFileType = sourcecode.c.h; path = CKCalendarDelegate.h; sourceTree = "<group>"; };
		A841FCD01E0924AB007E70A0 /* CKCalendarHeaderColors.h */ = {isa = PBXFileReference; fileEncoding = 4; lastKnownFileType = sourcecode.c.h; path = CKCalendarHeaderColors.h; sourceTree = "<group>"; };
		A841FCD11E0924AB007E70A0 /* CKCalendarMonthCellStates.h */ = {isa = PBXFileReference; fileEncoding = 4; lastKnownFileType = sourcecode.c.h; path = CKCalendarMonthCellStates.h; sourceTree = "<group>"; };
		A841FCD21E0924AB007E70A0 /* CKCalendarViewModes.h */ = {isa = PBXFileReference; fileEncoding = 4; lastKnownFileType = sourcecode.c.h; path = CKCalendarViewModes.h; sourceTree = "<group>"; };
		A841FCD41E0924AB007E70A0 /* CKCalendarViewController.h */ = {isa = PBXFileReference; fileEncoding = 4; lastKnownFileType = sourcecode.c.h; path = CKCalendarViewController.h; sourceTree = "<group>"; };
		A841FCD51E0924AB007E70A0 /* CKCalendarViewController.m */ = {isa = PBXFileReference; fileEncoding = 4; lastKnownFileType = sourcecode.c.objc; path = CKCalendarViewController.m; sourceTree = "<group>"; };
		A841FCD61E0924AB007E70A0 /* CKCalendarViewControllerInternal.h */ = {isa = PBXFileReference; fileEncoding = 4; lastKnownFileType = sourcecode.c.h; path = CKCalendarViewControllerInternal.h; sourceTree = "<group>"; };
		A841FCD71E0924AB007E70A0 /* CKCalendarViewControllerInternal.m */ = {isa = PBXFileReference; fileEncoding = 4; lastKnownFileType = sourcecode.c.objc; path = CKCalendarViewControllerInternal.m; sourceTree = "<group>"; };
		A841FCEF1E093C3D007E70A0 /* CKDemoViewController.h */ = {isa = PBXFileReference; fileEncoding = 4; lastKnownFileType = sourcecode.c.h; name = CKDemoViewController.h; path = IQKeyboardManager/CKDemoViewController.h; sourceTree = "<group>"; };
		A841FCF01E093C3D007E70A0 /* CKDemoViewController.m */ = {isa = PBXFileReference; fileEncoding = 4; lastKnownFileType = sourcecode.c.objc; name = CKDemoViewController.m; path = IQKeyboardManager/CKDemoViewController.m; sourceTree = "<group>"; };
		A846FB7C1E03BAD300AA98A9 /* nemapp.app */ = {isa = PBXFileReference; explicitFileType = wrapper.application; includeInIndex = 0; path = nemapp.app; sourceTree = BUILT_PRODUCTS_DIR; };
		A846FB801E03BAD300AA98A9 /* main.m */ = {isa = PBXFileReference; lastKnownFileType = sourcecode.c.objc; path = main.m; sourceTree = "<group>"; };
		A846FB821E03BAD300AA98A9 /* AppDelegate.h */ = {isa = PBXFileReference; lastKnownFileType = sourcecode.c.h; path = AppDelegate.h; sourceTree = "<group>"; };
		A846FB831E03BAD300AA98A9 /* AppDelegate.m */ = {isa = PBXFileReference; lastKnownFileType = sourcecode.c.objc; path = AppDelegate.m; sourceTree = "<group>"; };
		A846FB891E03BAD300AA98A9 /* Base */ = {isa = PBXFileReference; lastKnownFileType = file.storyboard; name = Base; path = Base.lproj/Main.storyboard; sourceTree = "<group>"; };
		A846FB8C1E03BAD300AA98A9 /* nemapp.xcdatamodel */ = {isa = PBXFileReference; lastKnownFileType = wrapper.xcdatamodel; path = nemapp.xcdatamodel; sourceTree = "<group>"; };
		A846FB8E1E03BAD300AA98A9 /* Assets.xcassets */ = {isa = PBXFileReference; lastKnownFileType = folder.assetcatalog; path = Assets.xcassets; sourceTree = "<group>"; };
		A846FB931E03BAD300AA98A9 /* Info.plist */ = {isa = PBXFileReference; lastKnownFileType = text.plist.xml; path = Info.plist; sourceTree = "<group>"; };
		A846FB981E03BAD300AA98A9 /* nemappTests.xctest */ = {isa = PBXFileReference; explicitFileType = wrapper.cfbundle; includeInIndex = 0; path = nemappTests.xctest; sourceTree = BUILT_PRODUCTS_DIR; };
		A846FB9C1E03BAD300AA98A9 /* nemappTests.m */ = {isa = PBXFileReference; lastKnownFileType = sourcecode.c.objc; path = nemappTests.m; sourceTree = "<group>"; };
		A846FB9E1E03BAD300AA98A9 /* Info.plist */ = {isa = PBXFileReference; lastKnownFileType = text.plist.xml; path = Info.plist; sourceTree = "<group>"; };
		A846FBA31E03BAD300AA98A9 /* nemappUITests.xctest */ = {isa = PBXFileReference; explicitFileType = wrapper.cfbundle; includeInIndex = 0; path = nemappUITests.xctest; sourceTree = BUILT_PRODUCTS_DIR; };
		A846FBA71E03BAD300AA98A9 /* nemappUITests.m */ = {isa = PBXFileReference; lastKnownFileType = sourcecode.c.objc; path = nemappUITests.m; sourceTree = "<group>"; };
		A846FBA91E03BAD300AA98A9 /* Info.plist */ = {isa = PBXFileReference; lastKnownFileType = text.plist.xml; path = Info.plist; sourceTree = "<group>"; };
		A846FBB51E03BFE000AA98A9 /* Add.h */ = {isa = PBXFileReference; fileEncoding = 4; lastKnownFileType = sourcecode.c.h; path = Add.h; sourceTree = "<group>"; };
		A846FBB61E03BFE000AA98A9 /* Add.m */ = {isa = PBXFileReference; fileEncoding = 4; lastKnownFileType = sourcecode.c.objc; path = Add.m; sourceTree = "<group>"; };
		A846FBBB1E03C63B00AA98A9 /* TodayList.h */ = {isa = PBXFileReference; fileEncoding = 4; lastKnownFileType = sourcecode.c.h; path = TodayList.h; sourceTree = "<group>"; };
		A846FBBC1E03C63B00AA98A9 /* TodayList.m */ = {isa = PBXFileReference; fileEncoding = 4; lastKnownFileType = sourcecode.c.objc; path = TodayList.m; sourceTree = "<group>"; };
		A846FBC11E03CEE500AA98A9 /* Setting.h */ = {isa = PBXFileReference; fileEncoding = 4; lastKnownFileType = sourcecode.c.h; path = Setting.h; sourceTree = "<group>"; };
		A846FBC21E03CEE500AA98A9 /* Setting.m */ = {isa = PBXFileReference; fileEncoding = 4; lastKnownFileType = sourcecode.c.objc; path = Setting.m; sourceTree = "<group>"; };
		A846FBC81E03FB2700AA98A9 /* IQNSArray+Sort.h */ = {isa = PBXFileReference; fileEncoding = 4; lastKnownFileType = sourcecode.c.h; path = "IQNSArray+Sort.h"; sourceTree = "<group>"; };
		A846FBC91E03FB2700AA98A9 /* IQNSArray+Sort.m */ = {isa = PBXFileReference; fileEncoding = 4; lastKnownFileType = sourcecode.c.objc; path = "IQNSArray+Sort.m"; sourceTree = "<group>"; };
		A846FBCA1E03FB2700AA98A9 /* IQUIScrollView+Additions.h */ = {isa = PBXFileReference; fileEncoding = 4; lastKnownFileType = sourcecode.c.h; path = "IQUIScrollView+Additions.h"; sourceTree = "<group>"; };
		A846FBCB1E03FB2700AA98A9 /* IQUIScrollView+Additions.m */ = {isa = PBXFileReference; fileEncoding = 4; lastKnownFileType = sourcecode.c.objc; path = "IQUIScrollView+Additions.m"; sourceTree = "<group>"; };
		A846FBCC1E03FB2700AA98A9 /* IQUITextFieldView+Additions.h */ = {isa = PBXFileReference; fileEncoding = 4; lastKnownFileType = sourcecode.c.h; path = "IQUITextFieldView+Additions.h"; sourceTree = "<group>"; };
		A846FBCD1E03FB2700AA98A9 /* IQUITextFieldView+Additions.m */ = {isa = PBXFileReference; fileEncoding = 4; lastKnownFileType = sourcecode.c.objc; path = "IQUITextFieldView+Additions.m"; sourceTree = "<group>"; };
		A846FBCE1E03FB2700AA98A9 /* IQUIView+Hierarchy.h */ = {isa = PBXFileReference; fileEncoding = 4; lastKnownFileType = sourcecode.c.h; path = "IQUIView+Hierarchy.h"; sourceTree = "<group>"; };
		A846FBCF1E03FB2700AA98A9 /* IQUIView+Hierarchy.m */ = {isa = PBXFileReference; fileEncoding = 4; lastKnownFileType = sourcecode.c.objc; path = "IQUIView+Hierarchy.m"; sourceTree = "<group>"; };
		A846FBD01E03FB2700AA98A9 /* IQUIViewController+Additions.h */ = {isa = PBXFileReference; fileEncoding = 4; lastKnownFileType = sourcecode.c.h; path = "IQUIViewController+Additions.h"; sourceTree = "<group>"; };
		A846FBD11E03FB2700AA98A9 /* IQUIViewController+Additions.m */ = {isa = PBXFileReference; fileEncoding = 4; lastKnownFileType = sourcecode.c.objc; path = "IQUIViewController+Additions.m"; sourceTree = "<group>"; };
		A846FBD21E03FB2700AA98A9 /* IQUIWindow+Hierarchy.h */ = {isa = PBXFileReference; fileEncoding = 4; lastKnownFileType = sourcecode.c.h; path = "IQUIWindow+Hierarchy.h"; sourceTree = "<group>"; };
		A846FBD31E03FB2700AA98A9 /* IQUIWindow+Hierarchy.m */ = {isa = PBXFileReference; fileEncoding = 4; lastKnownFileType = sourcecode.c.objc; path = "IQUIWindow+Hierarchy.m"; sourceTree = "<group>"; };
		A846FBD51E03FB2700AA98A9 /* IQKeyboardManagerConstants.h */ = {isa = PBXFileReference; fileEncoding = 4; lastKnownFileType = sourcecode.c.h; path = IQKeyboardManagerConstants.h; sourceTree = "<group>"; };
		A846FBD61E03FB2700AA98A9 /* IQKeyboardManagerConstantsInternal.h */ = {isa = PBXFileReference; fileEncoding = 4; lastKnownFileType = sourcecode.c.h; path = IQKeyboardManagerConstantsInternal.h; sourceTree = "<group>"; };
		A846FBD71E03FB2700AA98A9 /* IQKeyboardManager.h */ = {isa = PBXFileReference; fileEncoding = 4; lastKnownFileType = sourcecode.c.h; path = IQKeyboardManager.h; sourceTree = "<group>"; };
		A846FBD81E03FB2700AA98A9 /* IQKeyboardManager.m */ = {isa = PBXFileReference; fileEncoding = 4; lastKnownFileType = sourcecode.c.objc; path = IQKeyboardManager.m; sourceTree = "<group>"; };
		A846FBD91E03FB2700AA98A9 /* IQKeyboardReturnKeyHandler.h */ = {isa = PBXFileReference; fileEncoding = 4; lastKnownFileType = sourcecode.c.h; path = IQKeyboardReturnKeyHandler.h; sourceTree = "<group>"; };
		A846FBDA1E03FB2700AA98A9 /* IQKeyboardReturnKeyHandler.m */ = {isa = PBXFileReference; fileEncoding = 4; lastKnownFileType = sourcecode.c.objc; path = IQKeyboardReturnKeyHandler.m; sourceTree = "<group>"; };
		A846FBDC1E03FB2700AA98A9 /* IQTextView.h */ = {isa = PBXFileReference; fileEncoding = 4; lastKnownFileType = sourcecode.c.h; path = IQTextView.h; sourceTree = "<group>"; };
		A846FBDD1E03FB2700AA98A9 /* IQTextView.m */ = {isa = PBXFileReference; fileEncoding = 4; lastKnownFileType = sourcecode.c.objc; path = IQTextView.m; sourceTree = "<group>"; };
		A846FBDF1E03FB2700AA98A9 /* IQBarButtonItem.h */ = {isa = PBXFileReference; fileEncoding = 4; lastKnownFileType = sourcecode.c.h; path = IQBarButtonItem.h; sourceTree = "<group>"; };
		A846FBE01E03FB2700AA98A9 /* IQBarButtonItem.m */ = {isa = PBXFileReference; fileEncoding = 4; lastKnownFileType = sourcecode.c.objc; path = IQBarButtonItem.m; sourceTree = "<group>"; };
		A846FBE11E03FB2700AA98A9 /* IQPreviousNextView.h */ = {isa = PBXFileReference; fileEncoding = 4; lastKnownFileType = sourcecode.c.h; path = IQPreviousNextView.h; sourceTree = "<group>"; };
		A846FBE21E03FB2700AA98A9 /* IQPreviousNextView.m */ = {isa = PBXFileReference; fileEncoding = 4; lastKnownFileType = sourcecode.c.objc; path = IQPreviousNextView.m; sourceTree = "<group>"; };
		A846FBE31E03FB2700AA98A9 /* IQTitleBarButtonItem.h */ = {isa = PBXFileReference; fileEncoding = 4; lastKnownFileType = sourcecode.c.h; path = IQTitleBarButtonItem.h; sourceTree = "<group>"; };
		A846FBE41E03FB2700AA98A9 /* IQTitleBarButtonItem.m */ = {isa = PBXFileReference; fileEncoding = 4; lastKnownFileType = sourcecode.c.objc; path = IQTitleBarButtonItem.m; sourceTree = "<group>"; };
		A846FBE51E03FB2700AA98A9 /* IQToolbar.h */ = {isa = PBXFileReference; fileEncoding = 4; lastKnownFileType = sourcecode.c.h; path = IQToolbar.h; sourceTree = "<group>"; };
		A846FBE61E03FB2700AA98A9 /* IQToolbar.m */ = {isa = PBXFileReference; fileEncoding = 4; lastKnownFileType = sourcecode.c.objc; path = IQToolbar.m; sourceTree = "<group>"; };
		A846FBE71E03FB2700AA98A9 /* IQUIView+IQKeyboardToolbar.h */ = {isa = PBXFileReference; fileEncoding = 4; lastKnownFileType = sourcecode.c.h; path = "IQUIView+IQKeyboardToolbar.h"; sourceTree = "<group>"; };
		A846FBE81E03FB2700AA98A9 /* IQUIView+IQKeyboardToolbar.m */ = {isa = PBXFileReference; fileEncoding = 4; lastKnownFileType = sourcecode.c.objc; path = "IQUIView+IQKeyboardToolbar.m"; sourceTree = "<group>"; };
		A846FBEA1E03FB2700AA98A9 /* IQKeyboardManager.bundle */ = {isa = PBXFileReference; lastKnownFileType = "wrapper.plug-in"; path = IQKeyboardManager.bundle; sourceTree = "<group>"; };
		A846FBFA1E03FE7E00AA98A9 /* CoreData.framework */ = {isa = PBXFileReference; lastKnownFileType = wrapper.framework; name = CoreData.framework; path = System/Library/Frameworks/CoreData.framework; sourceTree = SDKROOT; };
		A846FC351E040A9100AA98A9 /* CoreGraphics.framework */ = {isa = PBXFileReference; lastKnownFileType = wrapper.framework; name = CoreGraphics.framework; path = System/Library/Frameworks/CoreGraphics.framework; sourceTree = SDKROOT; };
		A846FC371E040A9700AA98A9 /* UIKit.framework */ = {isa = PBXFileReference; lastKnownFileType = wrapper.framework; name = UIKit.framework; path = System/Library/Frameworks/UIKit.framework; sourceTree = SDKROOT; };
		A846FC391E040A9D00AA98A9 /* Foundation.framework */ = {isa = PBXFileReference; lastKnownFileType = wrapper.framework; name = Foundation.framework; path = System/Library/Frameworks/Foundation.framework; sourceTree = SDKROOT; };
		A84887B51E0D38A200DBB79B /* menu2.png */ = {isa = PBXFileReference; lastKnownFileType = image.png; path = menu2.png; sourceTree = "<group>"; };
		A84887B71E0D437C00DBB79B /* mg_cell.h */ = {isa = PBXFileReference; fileEncoding = 4; lastKnownFileType = sourcecode.c.h; path = mg_cell.h; sourceTree = "<group>"; };
		A84887B81E0D437C00DBB79B /* mg_cell.m */ = {isa = PBXFileReference; fileEncoding = 4; lastKnownFileType = sourcecode.c.objc; path = mg_cell.m; sourceTree = "<group>"; };
		A84887BA1E0D4D5300DBB79B /* Website.h */ = {isa = PBXFileReference; fileEncoding = 4; lastKnownFileType = sourcecode.c.h; path = Website.h; sourceTree = "<group>"; };
		A84887BB1E0D4D5300DBB79B /* Website.m */ = {isa = PBXFileReference; fileEncoding = 4; lastKnownFileType = sourcecode.c.objc; path = Website.m; sourceTree = "<group>"; };
		A84887BD1E0D570B00DBB79B /* SettingCell.h */ = {isa = PBXFileReference; fileEncoding = 4; lastKnownFileType = sourcecode.c.h; path = SettingCell.h; sourceTree = "<group>"; };
		A84887BE1E0D570B00DBB79B /* SettingCell.m */ = {isa = PBXFileReference; fileEncoding = 4; lastKnownFileType = sourcecode.c.objc; path = SettingCell.m; sourceTree = "<group>"; };
		A84C902D1EA09DAD0078F6C4 /* Launch Screen.storyboard */ = {isa = PBXFileReference; fileEncoding = 4; lastKnownFileType = file.storyboard; path = "Launch Screen.storyboard"; sourceTree = "<group>"; };
		A84C902F1EA09DF10078F6C4 /* 4444.png */ = {isa = PBXFileReference; lastKnownFileType = image.png; path = 4444.png; sourceTree = "<group>"; };
		A84C90311EA09FF30078F6C4 /* Screen Shot 2017-04-14 at 11.40.39 AM.png */ = {isa = PBXFileReference; lastKnownFileType = image.png; path = "Screen Shot 2017-04-14 at 11.40.39 AM.png"; sourceTree = "<group>"; };
		A84C90331EA09FFC0078F6C4 /* Screen Shot 2017-04-14 at 11.40.25 AM.png */ = {isa = PBXFileReference; lastKnownFileType = image.png; path = "Screen Shot 2017-04-14 at 11.40.25 AM.png"; sourceTree = "<group>"; };
		A8523A841E050E0A00AD1C5B /* AllSchedule.h */ = {isa = PBXFileReference; fileEncoding = 4; lastKnownFileType = sourcecode.c.h; path = AllSchedule.h; sourceTree = "<group>"; };
		A8523A851E050E0A00AD1C5B /* AllSchedule.m */ = {isa = PBXFileReference; fileEncoding = 4; lastKnownFileType = sourcecode.c.objc; path = AllSchedule.m; sourceTree = "<group>"; };
		A8523A871E050E2400AD1C5B /* AllscheduleCell.h */ = {isa = PBXFileReference; fileEncoding = 4; lastKnownFileType = sourcecode.c.h; path = AllscheduleCell.h; sourceTree = "<group>"; };
		A8523A881E050E2400AD1C5B /* AllscheduleCell.m */ = {isa = PBXFileReference; fileEncoding = 4; lastKnownFileType = sourcecode.c.objc; path = AllscheduleCell.m; sourceTree = "<group>"; };
/* End PBXFileReference section */

/* Begin PBXFrameworksBuildPhase section */
		A846FB791E03BAD300AA98A9 /* Frameworks */ = {
			isa = PBXFrameworksBuildPhase;
			buildActionMask = 2147483647;
			files = (
				A846FC3A1E040A9D00AA98A9 /* Foundation.framework in Frameworks */,
				A846FC381E040A9700AA98A9 /* UIKit.framework in Frameworks */,
				A82807A91E14DFE900DF84CF /* AudioToolbox.framework in Frameworks */,
				A846FC361E040A9100AA98A9 /* CoreGraphics.framework in Frameworks */,
				A846FBFB1E03FE7E00AA98A9 /* CoreData.framework in Frameworks */,
			);
			runOnlyForDeploymentPostprocessing = 0;
		};
		A846FB951E03BAD300AA98A9 /* Frameworks */ = {
			isa = PBXFrameworksBuildPhase;
			buildActionMask = 2147483647;
			files = (
			);
			runOnlyForDeploymentPostprocessing = 0;
		};
		A846FBA01E03BAD300AA98A9 /* Frameworks */ = {
			isa = PBXFrameworksBuildPhase;
			buildActionMask = 2147483647;
			files = (
			);
			runOnlyForDeploymentPostprocessing = 0;
		};
/* End PBXFrameworksBuildPhase section */

/* Begin PBXGroup section */
		693829341E1A4CBA0033BEE1 /* MCSwipeTableViewCell */ = {
			isa = PBXGroup;
			children = (
				693829351E1A4CBA0033BEE1 /* MCSwipeTableViewCell.h */,
				693829361E1A4CBA0033BEE1 /* MCSwipeTableViewCell.m */,
			);
			path = MCSwipeTableViewCell;
			sourceTree = "<group>";
		};
		A841FC9E1E0924AB007E70A0 /* CalendarKit */ = {
			isa = PBXGroup;
			children = (
				A841FC9F1E0924AB007E70A0 /* CalendarKit.h */,
				A841FCA01E0924AB007E70A0 /* Categories */,
				A841FCBF1E0924AB007E70A0 /* Core */,
				A841FCCC1E0924AB007E70A0 /* Headers */,
				A841FCD31E0924AB007E70A0 /* View Controllers */,
			);
			path = CalendarKit;
			sourceTree = "<group>";
		};
		A841FCA01E0924AB007E70A0 /* Categories */ = {
			isa = PBXGroup;
			children = (
				A841FCA11E0924AB007E70A0 /* Foundation */,
				A841FCB71E0924AB007E70A0 /* UIKit */,
			);
			path = Categories;
			sourceTree = "<group>";
		};
		A841FCA11E0924AB007E70A0 /* Foundation */ = {
			isa = PBXGroup;
			children = (
				A841FCA21E0924AB007E70A0 /* NSCalendar */,
				A841FCAD1E0924AB007E70A0 /* NSCalendarCategories.h */,
				A841FCAE1E0924AB007E70A0 /* NSDate */,
				A841FCB31E0924AB007E70A0 /* NSDateComponents+AllComponents.h */,
				A841FCB41E0924AB007E70A0 /* NSDateComponents+AllComponents.m */,
				A841FCB51E0924AB007E70A0 /* NSString+Color.h */,
				A841FCB61E0924AB007E70A0 /* NSString+Color.m */,
			);
			path = Foundation;
			sourceTree = "<group>";
		};
		A841FCA21E0924AB007E70A0 /* NSCalendar */ = {
			isa = PBXGroup;
			children = (
				A841FCA31E0924AB007E70A0 /* NSCalendar+Components.h */,
				A841FCA41E0924AB007E70A0 /* NSCalendar+Components.m */,
				A841FCA51E0924AB007E70A0 /* NSCalendar+DateComparison.h */,
				A841FCA61E0924AB007E70A0 /* NSCalendar+DateComparison.m */,
				A841FCA71E0924AB007E70A0 /* NSCalendar+DateManipulation.h */,
				A841FCA81E0924AB007E70A0 /* NSCalendar+DateManipulation.m */,
				A841FCA91E0924AB007E70A0 /* NSCalendar+Juncture.h */,
				A841FCAA1E0924AB007E70A0 /* NSCalendar+Juncture.m */,
				A841FCAB1E0924AB007E70A0 /* NSCalendar+Ranges.h */,
				A841FCAC1E0924AB007E70A0 /* NSCalendar+Ranges.m */,
			);
			path = NSCalendar;
			sourceTree = "<group>";
		};
		A841FCAE1E0924AB007E70A0 /* NSDate */ = {
			isa = PBXGroup;
			children = (
				A841FCAF1E0924AB007E70A0 /* NSDate+Components.h */,
				A841FCB01E0924AB007E70A0 /* NSDate+Components.m */,
				A841FCB11E0924AB007E70A0 /* NSDate+Description.h */,
				A841FCB21E0924AB007E70A0 /* NSDate+Description.m */,
			);
			path = NSDate;
			sourceTree = "<group>";
		};
		A841FCB71E0924AB007E70A0 /* UIKit */ = {
			isa = PBXGroup;
			children = (
				A841FCB81E0924AB007E70A0 /* UIColor+HexString.h */,
				A841FCB91E0924AB007E70A0 /* UIColor+HexString.m */,
				A841FCBA1E0924AB007E70A0 /* UIView */,
			);
			path = UIKit;
			sourceTree = "<group>";
		};
		A841FCBA1E0924AB007E70A0 /* UIView */ = {
			isa = PBXGroup;
			children = (
				A841FCBB1E0924AB007E70A0 /* UIView+AnimatedFrame.h */,
				A841FCBC1E0924AB007E70A0 /* UIView+AnimatedFrame.m */,
				A841FCBD1E0924AB007E70A0 /* UIView+Border.h */,
				A841FCBE1E0924AB007E70A0 /* UIView+Border.m */,
			);
			path = UIView;
			sourceTree = "<group>";
		};
		A841FCBF1E0924AB007E70A0 /* Core */ = {
			isa = PBXGroup;
			children = (
				A841FCC01E0924AB007E70A0 /* CKCalendarCell.h */,
				A841FCC11E0924AB007E70A0 /* CKCalendarCell.m */,
				A841FCC21E0924AB007E70A0 /* CKCalendarEvent.h */,
				A841FCC31E0924AB007E70A0 /* CKCalendarEvent.m */,
				A841FCC41E0924AB007E70A0 /* CKCalendarHeaderView.h */,
				A841FCC51E0924AB007E70A0 /* CKCalendarHeaderView.m */,
				A841FCC61E0924AB007E70A0 /* CKCalendarView.h */,
				A841FCC71E0924AB007E70A0 /* CKCalendarView.m */,
				A841FCC81E0924AB007E70A0 /* CKTableViewCell.h */,
				A841FCC91E0924AB007E70A0 /* CKTableViewCell.m */,
				A841FCCA1E0924AB007E70A0 /* MBPolygonView.h */,
				A841FCCB1E0924AB007E70A0 /* MBPolygonView.m */,
			);
			path = Core;
			sourceTree = "<group>";
		};
		A841FCCC1E0924AB007E70A0 /* Headers */ = {
			isa = PBXGroup;
			children = (
				A841FCCD1E0924AB007E70A0 /* CKCalendarCellColors.h */,
				A841FCCE1E0924AB007E70A0 /* CKCalendarDataSource.h */,
				A841FCCF1E0924AB007E70A0 /* CKCalendarDelegate.h */,
				A841FCD01E0924AB007E70A0 /* CKCalendarHeaderColors.h */,
				A841FCD11E0924AB007E70A0 /* CKCalendarMonthCellStates.h */,
				A841FCD21E0924AB007E70A0 /* CKCalendarViewModes.h */,
			);
			path = Headers;
			sourceTree = "<group>";
		};
		A841FCD31E0924AB007E70A0 /* View Controllers */ = {
			isa = PBXGroup;
			children = (
				A841FCD41E0924AB007E70A0 /* CKCalendarViewController.h */,
				A841FCD51E0924AB007E70A0 /* CKCalendarViewController.m */,
				A841FCD61E0924AB007E70A0 /* CKCalendarViewControllerInternal.h */,
				A841FCD71E0924AB007E70A0 /* CKCalendarViewControllerInternal.m */,
			);
			path = "View Controllers";
			sourceTree = "<group>";
		};
		A846FB731E03BAD300AA98A9 = {
			isa = PBXGroup;
			children = (
				A84C902F1EA09DF10078F6C4 /* 4444.png */,
				A84A60D41E557F1000ADEAA8 /* Framework */,
				A84A60D51E557F5F00ADEAA8 /* images */,
				A846FB7E1E03BAD300AA98A9 /* nemapp */,
				A846FB9B1E03BAD300AA98A9 /* nemappTests */,
				A846FBA61E03BAD300AA98A9 /* nemappUITests */,
				A846FB7D1E03BAD300AA98A9 /* Products */,
			);
			sourceTree = "<group>";
		};
		A846FB7D1E03BAD300AA98A9 /* Products */ = {
			isa = PBXGroup;
			children = (
				A846FB7C1E03BAD300AA98A9 /* nemapp.app */,
				A846FB981E03BAD300AA98A9 /* nemappTests.xctest */,
				A846FBA31E03BAD300AA98A9 /* nemappUITests.xctest */,
			);
			name = Products;
			sourceTree = "<group>";
		};
		A846FB7E1E03BAD300AA98A9 /* nemapp */ = {
			isa = PBXGroup;
			children = (
				A82807A51E14DEAA00DF84CF /* nemapp.entitlements */,
				A841FC9E1E0924AB007E70A0 /* CalendarKit */,
				A846FBC61E03FB2700AA98A9 /* IQKeyboardManager */,
				A846FB821E03BAD300AA98A9 /* AppDelegate.h */,
				A846FB831E03BAD300AA98A9 /* AppDelegate.m */,
				A82D4FBC1E10F68B00132A4E /* AccepteTermsAndConditions.h */,
				A82D4FBD1E10F68B00132A4E /* AccepteTermsAndConditions.m */,
				A846FBBB1E03C63B00AA98A9 /* TodayList.h */,
				A846FBBC1E03C63B00AA98A9 /* TodayList.m */,
				A846FBB51E03BFE000AA98A9 /* Add.h */,
				A846FBB61E03BFE000AA98A9 /* Add.m */,
				A84887B71E0D437C00DBB79B /* mg_cell.h */,
				A84887B81E0D437C00DBB79B /* mg_cell.m */,
				A846FBC11E03CEE500AA98A9 /* Setting.h */,
				A846FBC21E03CEE500AA98A9 /* Setting.m */,
				A84887BD1E0D570B00DBB79B /* SettingCell.h */,
				A84887BE1E0D570B00DBB79B /* SettingCell.m */,
				A8523A841E050E0A00AD1C5B /* AllSchedule.h */,
				A8523A851E050E0A00AD1C5B /* AllSchedule.m */,
				A8523A871E050E2400AD1C5B /* AllscheduleCell.h */,
				A8523A881E050E2400AD1C5B /* AllscheduleCell.m */,
				A841FCEF1E093C3D007E70A0 /* CKDemoViewController.h */,
				A841FCF01E093C3D007E70A0 /* CKDemoViewController.m */,
				A822BF391E0AA77B005AA84B /* Legal.h */,
				A822BF3A1E0AA77B005AA84B /* Legal.m */,
				A84887BA1E0D4D5300DBB79B /* Website.h */,
				A84887BB1E0D4D5300DBB79B /* Website.m */,
				A846FB881E03BAD300AA98A9 /* Main.storyboard */,
				A84C902D1EA09DAD0078F6C4 /* Launch Screen.storyboard */,
				A846FB8E1E03BAD300AA98A9 /* Assets.xcassets */,
				A8299CB21E0BF723008B7282 /* Screen Shot 2016-12-22 at 5.01.16 PM.png */,
				A846FB931E03BAD300AA98A9 /* Info.plist */,
				A846FB8B1E03BAD300AA98A9 /* nemapp.xcdatamodeld */,
				A8299CAE1E0BF393008B7282 /* Images.xcassets */,
				A846FB7F1E03BAD300AA98A9 /* Supporting Files */,
			);
			path = nemapp;
			sourceTree = "<group>";
		};
		A846FB7F1E03BAD300AA98A9 /* Supporting Files */ = {
			isa = PBXGroup;
			children = (
				A846FB801E03BAD300AA98A9 /* main.m */,
				A82807A01E14D21100DF84CF /* oh-really.caf */,
			);
			name = "Supporting Files";
			sourceTree = "<group>";
		};
		A846FB9B1E03BAD300AA98A9 /* nemappTests */ = {
			isa = PBXGroup;
			children = (
				A846FB9C1E03BAD300AA98A9 /* nemappTests.m */,
				A846FB9E1E03BAD300AA98A9 /* Info.plist */,
			);
			path = nemappTests;
			sourceTree = "<group>";
		};
		A846FBA61E03BAD300AA98A9 /* nemappUITests */ = {
			isa = PBXGroup;
			children = (
				A846FBA71E03BAD300AA98A9 /* nemappUITests.m */,
				A846FBA91E03BAD300AA98A9 /* Info.plist */,
			);
			path = nemappUITests;
			sourceTree = "<group>";
		};
		A846FBC61E03FB2700AA98A9 /* IQKeyboardManager */ = {
			isa = PBXGroup;
			children = (
				A846FBC71E03FB2700AA98A9 /* Categories */,
				A846FBD41E03FB2700AA98A9 /* Constants */,
				A846FBD71E03FB2700AA98A9 /* IQKeyboardManager.h */,
				A846FBD81E03FB2700AA98A9 /* IQKeyboardManager.m */,
				A846FBD91E03FB2700AA98A9 /* IQKeyboardReturnKeyHandler.h */,
				A846FBDA1E03FB2700AA98A9 /* IQKeyboardReturnKeyHandler.m */,
				A846FBDB1E03FB2700AA98A9 /* IQTextView */,
				A846FBDE1E03FB2700AA98A9 /* IQToolbar */,
				A846FBE91E03FB2700AA98A9 /* Resources */,
			);
			path = IQKeyboardManager;
			sourceTree = "<group>";
		};
		A846FBC71E03FB2700AA98A9 /* Categories */ = {
			isa = PBXGroup;
			children = (
				A846FBC81E03FB2700AA98A9 /* IQNSArray+Sort.h */,
				A846FBC91E03FB2700AA98A9 /* IQNSArray+Sort.m */,
				A846FBCA1E03FB2700AA98A9 /* IQUIScrollView+Additions.h */,
				A846FBCB1E03FB2700AA98A9 /* IQUIScrollView+Additions.m */,
				A846FBCC1E03FB2700AA98A9 /* IQUITextFieldView+Additions.h */,
				A846FBCD1E03FB2700AA98A9 /* IQUITextFieldView+Additions.m */,
				A846FBCE1E03FB2700AA98A9 /* IQUIView+Hierarchy.h */,
				A846FBCF1E03FB2700AA98A9 /* IQUIView+Hierarchy.m */,
				A846FBD01E03FB2700AA98A9 /* IQUIViewController+Additions.h */,
				A846FBD11E03FB2700AA98A9 /* IQUIViewController+Additions.m */,
				A846FBD21E03FB2700AA98A9 /* IQUIWindow+Hierarchy.h */,
				A846FBD31E03FB2700AA98A9 /* IQUIWindow+Hierarchy.m */,
			);
			path = Categories;
			sourceTree = "<group>";
		};
		A846FBD41E03FB2700AA98A9 /* Constants */ = {
			isa = PBXGroup;
			children = (
				A846FBD51E03FB2700AA98A9 /* IQKeyboardManagerConstants.h */,
				A846FBD61E03FB2700AA98A9 /* IQKeyboardManagerConstantsInternal.h */,
			);
			path = Constants;
			sourceTree = "<group>";
		};
		A846FBDB1E03FB2700AA98A9 /* IQTextView */ = {
			isa = PBXGroup;
			children = (
				A846FBDC1E03FB2700AA98A9 /* IQTextView.h */,
				A846FBDD1E03FB2700AA98A9 /* IQTextView.m */,
			);
			path = IQTextView;
			sourceTree = "<group>";
		};
		A846FBDE1E03FB2700AA98A9 /* IQToolbar */ = {
			isa = PBXGroup;
			children = (
				A846FBDF1E03FB2700AA98A9 /* IQBarButtonItem.h */,
				A846FBE01E03FB2700AA98A9 /* IQBarButtonItem.m */,
				A846FBE11E03FB2700AA98A9 /* IQPreviousNextView.h */,
				A846FBE21E03FB2700AA98A9 /* IQPreviousNextView.m */,
				A846FBE31E03FB2700AA98A9 /* IQTitleBarButtonItem.h */,
				A846FBE41E03FB2700AA98A9 /* IQTitleBarButtonItem.m */,
				A846FBE51E03FB2700AA98A9 /* IQToolbar.h */,
				A846FBE61E03FB2700AA98A9 /* IQToolbar.m */,
				A846FBE71E03FB2700AA98A9 /* IQUIView+IQKeyboardToolbar.h */,
				A846FBE81E03FB2700AA98A9 /* IQUIView+IQKeyboardToolbar.m */,
			);
			path = IQToolbar;
			sourceTree = "<group>";
		};
		A846FBE91E03FB2700AA98A9 /* Resources */ = {
			isa = PBXGroup;
			children = (
				A846FBEA1E03FB2700AA98A9 /* IQKeyboardManager.bundle */,
			);
			path = Resources;
			sourceTree = "<group>";
		};
		A84A60D41E557F1000ADEAA8 /* Framework */ = {
			isa = PBXGroup;
			children = (
				A82807A81E14DFE900DF84CF /* AudioToolbox.framework */,
				A846FC391E040A9D00AA98A9 /* Foundation.framework */,
				A846FC371E040A9700AA98A9 /* UIKit.framework */,
				A846FC351E040A9100AA98A9 /* CoreGraphics.framework */,
				A846FBFA1E03FE7E00AA98A9 /* CoreData.framework */,
				693829341E1A4CBA0033BEE1 /* MCSwipeTableViewCell */,
			);
			name = Framework;
			sourceTree = "<group>";
		};
		A84A60D51E557F5F00ADEAA8 /* images */ = {
			isa = PBXGroup;
			children = (
				A84887B51E0D38A200DBB79B /* menu2.png */,
				693829431E1A5A440033BEE1 /* cross.png */,
				693829411E1A5A3C0033BEE1 /* check.png */,
				A82D4FBF1E110D6800132A4E /* Checkbox_-_Checked-128.png */,
				A82D4FC01E110D6800132A4E /* Checkbox-128.png */,
				A822BF461E0AB426005AA84B /* 4ByUK.png */,
				A822BF2B1E0AA198005AA84B /* Screen Shot 2016-12-21 at 5.09.45 PM.png */,
				A822BF331E0AA404005AA84B /* Screen Shot 2016-12-21 at 5.18.55 PM.png */,
				A822BF341E0AA404005AA84B /* Screen Shot 2016-12-21 at 5.19.22 PM.png */,
				A822BF351E0AA404005AA84B /* Screen Shot 2016-12-21 at 5.19.52 PM.png */,
				A84C90311EA09FF30078F6C4 /* Screen Shot 2017-04-14 at 11.40.39 AM.png */,
				A84C90331EA09FFC0078F6C4 /* Screen Shot 2017-04-14 at 11.40.25 AM.png */,
			);
			name = images;
			sourceTree = "<group>";
		};
/* End PBXGroup section */

/* Begin PBXNativeTarget section */
		A846FB7B1E03BAD300AA98A9 /* nemapp */ = {
			isa = PBXNativeTarget;
			buildConfigurationList = A846FBAC1E03BAD300AA98A9 /* Build configuration list for PBXNativeTarget "nemapp" */;
			buildPhases = (
				A846FB781E03BAD300AA98A9 /* Sources */,
				A846FB791E03BAD300AA98A9 /* Frameworks */,
				A846FB7A1E03BAD300AA98A9 /* Resources */,
			);
			buildRules = (
			);
			dependencies = (
			);
			name = nemapp;
			productName = nemapp;
			productReference = A846FB7C1E03BAD300AA98A9 /* nemapp.app */;
			productType = "com.apple.product-type.application";
		};
		A846FB971E03BAD300AA98A9 /* nemappTests */ = {
			isa = PBXNativeTarget;
			buildConfigurationList = A846FBAF1E03BAD300AA98A9 /* Build configuration list for PBXNativeTarget "nemappTests" */;
			buildPhases = (
				A846FB941E03BAD300AA98A9 /* Sources */,
				A846FB951E03BAD300AA98A9 /* Frameworks */,
				A846FB961E03BAD300AA98A9 /* Resources */,
			);
			buildRules = (
			);
			dependencies = (
				A846FB9A1E03BAD300AA98A9 /* PBXTargetDependency */,
			);
			name = nemappTests;
			productName = nemappTests;
			productReference = A846FB981E03BAD300AA98A9 /* nemappTests.xctest */;
			productType = "com.apple.product-type.bundle.unit-test";
		};
		A846FBA21E03BAD300AA98A9 /* nemappUITests */ = {
			isa = PBXNativeTarget;
			buildConfigurationList = A846FBB21E03BAD300AA98A9 /* Build configuration list for PBXNativeTarget "nemappUITests" */;
			buildPhases = (
				A846FB9F1E03BAD300AA98A9 /* Sources */,
				A846FBA01E03BAD300AA98A9 /* Frameworks */,
				A846FBA11E03BAD300AA98A9 /* Resources */,
			);
			buildRules = (
			);
			dependencies = (
				A846FBA51E03BAD300AA98A9 /* PBXTargetDependency */,
			);
			name = nemappUITests;
			productName = nemappUITests;
			productReference = A846FBA31E03BAD300AA98A9 /* nemappUITests.xctest */;
			productType = "com.apple.product-type.bundle.ui-testing";
		};
/* End PBXNativeTarget section */

/* Begin PBXProject section */
		A846FB741E03BAD300AA98A9 /* Project object */ = {
			isa = PBXProject;
			attributes = {
				LastUpgradeCheck = 0820;
				ORGANIZATIONNAME = Sixthsense;
				TargetAttributes = {
					A846FB7B1E03BAD300AA98A9 = {
						CreatedOnToolsVersion = 7.3.1;
						DevelopmentTeam = EU7E6J5A6W;
						SystemCapabilities = {
							com.apple.InterAppAudio = {
								enabled = 1;
							};
							com.apple.Push = {
								enabled = 1;
							};
						};
					};
					A846FB971E03BAD300AA98A9 = {
						CreatedOnToolsVersion = 7.3.1;
						TestTargetID = A846FB7B1E03BAD300AA98A9;
					};
					A846FBA21E03BAD300AA98A9 = {
						CreatedOnToolsVersion = 7.3.1;
						TestTargetID = A846FB7B1E03BAD300AA98A9;
					};
				};
			};
			buildConfigurationList = A846FB771E03BAD300AA98A9 /* Build configuration list for PBXProject "nemapp" */;
			compatibilityVersion = "Xcode 3.2";
			developmentRegion = English;
			hasScannedForEncodings = 0;
			knownRegions = (
				en,
				Base,
			);
			mainGroup = A846FB731E03BAD300AA98A9;
			productRefGroup = A846FB7D1E03BAD300AA98A9 /* Products */;
			projectDirPath = "";
			projectRoot = "";
			targets = (
				A846FB7B1E03BAD300AA98A9 /* nemapp */,
				A846FB971E03BAD300AA98A9 /* nemappTests */,
				A846FBA21E03BAD300AA98A9 /* nemappUITests */,
			);
		};
/* End PBXProject section */

/* Begin PBXResourcesBuildPhase section */
		A846FB7A1E03BAD300AA98A9 /* Resources */ = {
			isa = PBXResourcesBuildPhase;
			buildActionMask = 2147483647;
			files = (
				A822BF381E0AA404005AA84B /* Screen Shot 2016-12-21 at 5.19.52 PM.png in Resources */,
				A822BF2C1E0AA198005AA84B /* Screen Shot 2016-12-21 at 5.09.45 PM.png in Resources */,
				A822BF471E0AB426005AA84B /* 4ByUK.png in Resources */,
				A822BF361E0AA404005AA84B /* Screen Shot 2016-12-21 at 5.18.55 PM.png in Resources */,
				A8299CAF1E0BF393008B7282 /* Images.xcassets in Resources */,
				A84C90321EA09FF30078F6C4 /* Screen Shot 2017-04-14 at 11.40.39 AM.png in Resources */,
				A84C90301EA09DF10078F6C4 /* 4444.png in Resources */,
				A84887B61E0D38A200DBB79B /* menu2.png in Resources */,
				A84C902E1EA09DAD0078F6C4 /* Launch Screen.storyboard in Resources */,
				693829441E1A5A440033BEE1 /* cross.png in Resources */,
				693829421E1A5A3C0033BEE1 /* check.png in Resources */,
				A822BF371E0AA404005AA84B /* Screen Shot 2016-12-21 at 5.19.22 PM.png in Resources */,
				A82D4FC11E110D6800132A4E /* Checkbox_-_Checked-128.png in Resources */,
				A846FB8F1E03BAD300AA98A9 /* Assets.xcassets in Resources */,
				A846FBF91E03FB2700AA98A9 /* IQKeyboardManager.bundle in Resources */,
				A84C90341EA09FFC0078F6C4 /* Screen Shot 2017-04-14 at 11.40.25 AM.png in Resources */,
				A8299CB31E0BF723008B7282 /* Screen Shot 2016-12-22 at 5.01.16 PM.png in Resources */,
				A82D4FC21E110D6800132A4E /* Checkbox-128.png in Resources */,
				A82807AB1E14E10F00DF84CF /* oh-really.caf in Resources */,
				A846FB8A1E03BAD300AA98A9 /* Main.storyboard in Resources */,
			);
			runOnlyForDeploymentPostprocessing = 0;
		};
		A846FB961E03BAD300AA98A9 /* Resources */ = {
			isa = PBXResourcesBuildPhase;
			buildActionMask = 2147483647;
			files = (
			);
			runOnlyForDeploymentPostprocessing = 0;
		};
		A846FBA11E03BAD300AA98A9 /* Resources */ = {
			isa = PBXResourcesBuildPhase;
			buildActionMask = 2147483647;
			files = (
			);
			runOnlyForDeploymentPostprocessing = 0;
		};
/* End PBXResourcesBuildPhase section */

/* Begin PBXSourcesBuildPhase section */
		A846FB781E03BAD300AA98A9 /* Sources */ = {
			isa = PBXSourcesBuildPhase;
			buildActionMask = 2147483647;
			files = (
				A841FCF11E093C3D007E70A0 /* CKDemoViewController.m in Sources */,
				A841FCDE1E0924AB007E70A0 /* NSDate+Description.m in Sources */,
				A846FB8D1E03BAD300AA98A9 /* nemapp.xcdatamodeld in Sources */,
				A846FBF21E03FB2700AA98A9 /* IQKeyboardReturnKeyHandler.m in Sources */,
				A841FCDD1E0924AB007E70A0 /* NSDate+Components.m in Sources */,
				A846FBEC1E03FB2700AA98A9 /* IQUIScrollView+Additions.m in Sources */,
				A846FBEF1E03FB2700AA98A9 /* IQUIViewController+Additions.m in Sources */,
				A846FBF01E03FB2700AA98A9 /* IQUIWindow+Hierarchy.m in Sources */,
				A846FBB71E03BFE000AA98A9 /* Add.m in Sources */,
				A841FCE71E0924AB007E70A0 /* CKCalendarView.m in Sources */,
				A8523A891E050E2400AD1C5B /* AllscheduleCell.m in Sources */,
				A841FCE11E0924AB007E70A0 /* UIColor+HexString.m in Sources */,
				A822BF3B1E0AA77B005AA84B /* Legal.m in Sources */,
				A841FCE91E0924AB007E70A0 /* MBPolygonView.m in Sources */,
				A846FBF41E03FB2700AA98A9 /* IQBarButtonItem.m in Sources */,
				A841FCDF1E0924AB007E70A0 /* NSDateComponents+AllComponents.m in Sources */,
				A846FBC31E03CEE500AA98A9 /* Setting.m in Sources */,
				A846FBEE1E03FB2700AA98A9 /* IQUIView+Hierarchy.m in Sources */,
				A841FCDA1E0924AB007E70A0 /* NSCalendar+DateManipulation.m in Sources */,
				A841FCE41E0924AB007E70A0 /* CKCalendarCell.m in Sources */,
				A841FCEB1E0924AB007E70A0 /* CKCalendarViewControllerInternal.m in Sources */,
				A841FCE31E0924AB007E70A0 /* UIView+Border.m in Sources */,
				A846FBEB1E03FB2700AA98A9 /* IQNSArray+Sort.m in Sources */,
				A846FB841E03BAD300AA98A9 /* AppDelegate.m in Sources */,
				A846FBF81E03FB2700AA98A9 /* IQUIView+IQKeyboardToolbar.m in Sources */,
				A8523A861E050E0A00AD1C5B /* AllSchedule.m in Sources */,
				A841FCEA1E0924AB007E70A0 /* CKCalendarViewController.m in Sources */,
				A841FCE81E0924AB007E70A0 /* CKTableViewCell.m in Sources */,
				A841FCD81E0924AB007E70A0 /* NSCalendar+Components.m in Sources */,
				A846FBED1E03FB2700AA98A9 /* IQUITextFieldView+Additions.m in Sources */,
				A841FCE61E0924AB007E70A0 /* CKCalendarHeaderView.m in Sources */,
				A84887B91E0D437C00DBB79B /* mg_cell.m in Sources */,
				693829371E1A4CBA0033BEE1 /* MCSwipeTableViewCell.m in Sources */,
				A841FCDB1E0924AB007E70A0 /* NSCalendar+Juncture.m in Sources */,
				A82D4FBE1E10F68B00132A4E /* AccepteTermsAndConditions.m in Sources */,
				A841FCE01E0924AB007E70A0 /* NSString+Color.m in Sources */,
				A84887BF1E0D570B00DBB79B /* SettingCell.m in Sources */,
				A841FCD91E0924AB007E70A0 /* NSCalendar+DateComparison.m in Sources */,
				A846FBF11E03FB2700AA98A9 /* IQKeyboardManager.m in Sources */,
				A846FBF71E03FB2700AA98A9 /* IQToolbar.m in Sources */,
				A846FBF61E03FB2700AA98A9 /* IQTitleBarButtonItem.m in Sources */,
				A841FCE21E0924AB007E70A0 /* UIView+AnimatedFrame.m in Sources */,
				A846FBBD1E03C63B00AA98A9 /* TodayList.m in Sources */,
				A846FBF31E03FB2700AA98A9 /* IQTextView.m in Sources */,
				A841FCDC1E0924AB007E70A0 /* NSCalendar+Ranges.m in Sources */,
				A846FB811E03BAD300AA98A9 /* main.m in Sources */,
				A846FBF51E03FB2700AA98A9 /* IQPreviousNextView.m in Sources */,
				A841FCE51E0924AB007E70A0 /* CKCalendarEvent.m in Sources */,
				A84887BC1E0D4D5300DBB79B /* Website.m in Sources */,
			);
			runOnlyForDeploymentPostprocessing = 0;
		};
		A846FB941E03BAD300AA98A9 /* Sources */ = {
			isa = PBXSourcesBuildPhase;
			buildActionMask = 2147483647;
			files = (
				A846FB9D1E03BAD300AA98A9 /* nemappTests.m in Sources */,
			);
			runOnlyForDeploymentPostprocessing = 0;
		};
		A846FB9F1E03BAD300AA98A9 /* Sources */ = {
			isa = PBXSourcesBuildPhase;
			buildActionMask = 2147483647;
			files = (
				A846FBA81E03BAD300AA98A9 /* nemappUITests.m in Sources */,
			);
			runOnlyForDeploymentPostprocessing = 0;
		};
/* End PBXSourcesBuildPhase section */

/* Begin PBXTargetDependency section */
		A846FB9A1E03BAD300AA98A9 /* PBXTargetDependency */ = {
			isa = PBXTargetDependency;
			target = A846FB7B1E03BAD300AA98A9 /* nemapp */;
			targetProxy = A846FB991E03BAD300AA98A9 /* PBXContainerItemProxy */;
		};
		A846FBA51E03BAD300AA98A9 /* PBXTargetDependency */ = {
			isa = PBXTargetDependency;
			target = A846FB7B1E03BAD300AA98A9 /* nemapp */;
			targetProxy = A846FBA41E03BAD300AA98A9 /* PBXContainerItemProxy */;
		};
/* End PBXTargetDependency section */

/* Begin PBXVariantGroup section */
		A846FB881E03BAD300AA98A9 /* Main.storyboard */ = {
			isa = PBXVariantGroup;
			children = (
				A846FB891E03BAD300AA98A9 /* Base */,
			);
			name = Main.storyboard;
			sourceTree = "<group>";
		};
/* End PBXVariantGroup section */

/* Begin XCBuildConfiguration section */
		A846FBAA1E03BAD300AA98A9 /* Debug */ = {
			isa = XCBuildConfiguration;
			buildSettings = {
				ALWAYS_SEARCH_USER_PATHS = NO;
				CLANG_ANALYZER_NONNULL = YES;
				CLANG_CXX_LANGUAGE_STANDARD = "gnu++0x";
				CLANG_CXX_LIBRARY = "libc++";
				CLANG_ENABLE_MODULES = YES;
				CLANG_ENABLE_OBJC_ARC = YES;
				CLANG_WARN_BOOL_CONVERSION = YES;
				CLANG_WARN_CONSTANT_CONVERSION = YES;
				CLANG_WARN_DIRECT_OBJC_ISA_USAGE = YES_ERROR;
				CLANG_WARN_EMPTY_BODY = YES;
				CLANG_WARN_ENUM_CONVERSION = YES;
				CLANG_WARN_INFINITE_RECURSION = YES;
				CLANG_WARN_INT_CONVERSION = YES;
				CLANG_WARN_OBJC_ROOT_CLASS = YES_ERROR;
				CLANG_WARN_SUSPICIOUS_MOVE = YES;
				CLANG_WARN_UNREACHABLE_CODE = YES;
				CLANG_WARN__DUPLICATE_METHOD_MATCH = YES;
				CODE_SIGN_IDENTITY = "iPhone Developer: ces ruiz (5UHP48TG33)";
				"CODE_SIGN_IDENTITY[sdk=iphoneos*]" = "iPhone Developer: ces ruiz (5UHP48TG33)";
				COPY_PHASE_STRIP = NO;
				DEBUG_INFORMATION_FORMAT = dwarf;
				ENABLE_STRICT_OBJC_MSGSEND = YES;
				ENABLE_TESTABILITY = YES;
				GCC_C_LANGUAGE_STANDARD = gnu99;
				GCC_DYNAMIC_NO_PIC = NO;
				GCC_NO_COMMON_BLOCKS = YES;
				GCC_OPTIMIZATION_LEVEL = 0;
				GCC_PREPROCESSOR_DEFINITIONS = (
					"DEBUG=1",
					"$(inherited)",
				);
				GCC_WARN_64_TO_32_BIT_CONVERSION = YES;
				GCC_WARN_ABOUT_RETURN_TYPE = YES_ERROR;
				GCC_WARN_UNDECLARED_SELECTOR = YES;
				GCC_WARN_UNINITIALIZED_AUTOS = YES_AGGRESSIVE;
				GCC_WARN_UNUSED_FUNCTION = YES;
				GCC_WARN_UNUSED_VARIABLE = YES;
				IPHONEOS_DEPLOYMENT_TARGET = 9.3;
				MTL_ENABLE_DEBUG_INFO = YES;
				ONLY_ACTIVE_ARCH = YES;
				SDKROOT = iphoneos;
				TARGETED_DEVICE_FAMILY = "1,2";
			};
			name = Debug;
		};
		A846FBAB1E03BAD300AA98A9 /* Release */ = {
			isa = XCBuildConfiguration;
			buildSettings = {
				ALWAYS_SEARCH_USER_PATHS = NO;
				CLANG_ANALYZER_NONNULL = YES;
				CLANG_CXX_LANGUAGE_STANDARD = "gnu++0x";
				CLANG_CXX_LIBRARY = "libc++";
				CLANG_ENABLE_MODULES = YES;
				CLANG_ENABLE_OBJC_ARC = YES;
				CLANG_WARN_BOOL_CONVERSION = YES;
				CLANG_WARN_CONSTANT_CONVERSION = YES;
				CLANG_WARN_DIRECT_OBJC_ISA_USAGE = YES_ERROR;
				CLANG_WARN_EMPTY_BODY = YES;
				CLANG_WARN_ENUM_CONVERSION = YES;
				CLANG_WARN_INFINITE_RECURSION = YES;
				CLANG_WARN_INT_CONVERSION = YES;
				CLANG_WARN_OBJC_ROOT_CLASS = YES_ERROR;
				CLANG_WARN_SUSPICIOUS_MOVE = YES;
				CLANG_WARN_UNREACHABLE_CODE = YES;
				CLANG_WARN__DUPLICATE_METHOD_MATCH = YES;
				CODE_SIGN_IDENTITY = "iPhone Developer: ces ruiz (5UHP48TG33)";
				"CODE_SIGN_IDENTITY[sdk=iphoneos*]" = "iPhone Developer: ces ruiz (5UHP48TG33)";
				COPY_PHASE_STRIP = NO;
				DEBUG_INFORMATION_FORMAT = "dwarf-with-dsym";
				ENABLE_NS_ASSERTIONS = NO;
				ENABLE_STRICT_OBJC_MSGSEND = YES;
				GCC_C_LANGUAGE_STANDARD = gnu99;
				GCC_NO_COMMON_BLOCKS = YES;
				GCC_WARN_64_TO_32_BIT_CONVERSION = YES;
				GCC_WARN_ABOUT_RETURN_TYPE = YES_ERROR;
				GCC_WARN_UNDECLARED_SELECTOR = YES;
				GCC_WARN_UNINITIALIZED_AUTOS = YES_AGGRESSIVE;
				GCC_WARN_UNUSED_FUNCTION = YES;
				GCC_WARN_UNUSED_VARIABLE = YES;
				IPHONEOS_DEPLOYMENT_TARGET = 9.3;
				MTL_ENABLE_DEBUG_INFO = NO;
				SDKROOT = iphoneos;
				TARGETED_DEVICE_FAMILY = "1,2";
				VALIDATE_PRODUCT = YES;
			};
			name = Release;
		};
		A846FBAD1E03BAD300AA98A9 /* Debug */ = {
			isa = XCBuildConfiguration;
			buildSettings = {
				ASSETCATALOG_COMPILER_APPICON_NAME = AppIcon;
				CODE_SIGN_ENTITLEMENTS = nemapp/nemapp.entitlements;
				CODE_SIGN_IDENTITY = "iPhone Developer";
				INFOPLIST_FILE = nemapp/Info.plist;
				IPHONEOS_DEPLOYMENT_TARGET = 8.0;
				LD_RUNPATH_SEARCH_PATHS = "$(inherited) @executable_path/Frameworks";
				PRODUCT_BUNDLE_IDENTIFIER = com.sixthsense.Nemapp;
				PRODUCT_NAME = "$(TARGET_NAME)";
				TARGETED_DEVICE_FAMILY = "1,2";
			};
			name = Debug;
		};
		A846FBAE1E03BAD300AA98A9 /* Release */ = {
			isa = XCBuildConfiguration;
			buildSettings = {
				ASSETCATALOG_COMPILER_APPICON_NAME = AppIcon;
				CODE_SIGN_ENTITLEMENTS = nemapp/nemapp.entitlements;
				CODE_SIGN_IDENTITY = "iPhone Developer";
				INFOPLIST_FILE = nemapp/Info.plist;
				IPHONEOS_DEPLOYMENT_TARGET = 8.0;
				LD_RUNPATH_SEARCH_PATHS = "$(inherited) @executable_path/Frameworks";
				PRODUCT_BUNDLE_IDENTIFIER = com.sixthsense.Nemapp;
				PRODUCT_NAME = "$(TARGET_NAME)";
				TARGETED_DEVICE_FAMILY = "1,2";
			};
			name = Release;
		};
		A846FBB01E03BAD300AA98A9 /* Debug */ = {
			isa = XCBuildConfiguration;
			buildSettings = {
				BUNDLE_LOADER = "$(TEST_HOST)";
				INFOPLIST_FILE = nemappTests/Info.plist;
				LD_RUNPATH_SEARCH_PATHS = "$(inherited) @executable_path/Frameworks @loader_path/Frameworks";
				PRODUCT_BUNDLE_IDENTIFIER = com.sixthsense.nemappTests;
				PRODUCT_NAME = "$(TARGET_NAME)";
				TEST_HOST = "$(BUILT_PRODUCTS_DIR)/nemapp.app/nemapp";
			};
			name = Debug;
		};
		A846FBB11E03BAD300AA98A9 /* Release */ = {
			isa = XCBuildConfiguration;
			buildSettings = {
				BUNDLE_LOADER = "$(TEST_HOST)";
				INFOPLIST_FILE = nemappTests/Info.plist;
				LD_RUNPATH_SEARCH_PATHS = "$(inherited) @executable_path/Frameworks @loader_path/Frameworks";
				PRODUCT_BUNDLE_IDENTIFIER = com.sixthsense.nemappTests;
				PRODUCT_NAME = "$(TARGET_NAME)";
				TEST_HOST = "$(BUILT_PRODUCTS_DIR)/nemapp.app/nemapp";
			};
			name = Release;
		};
		A846FBB31E03BAD300AA98A9 /* Debug */ = {
			isa = XCBuildConfiguration;
			buildSettings = {
				INFOPLIST_FILE = nemappUITests/Info.plist;
				LD_RUNPATH_SEARCH_PATHS = "$(inherited) @executable_path/Frameworks @loader_path/Frameworks";
				PRODUCT_BUNDLE_IDENTIFIER = com.sixthsense.nemappUITests;
				PRODUCT_NAME = "$(TARGET_NAME)";
				TEST_TARGET_NAME = nemapp;
			};
			name = Debug;
		};
		A846FBB41E03BAD300AA98A9 /* Release */ = {
			isa = XCBuildConfiguration;
			buildSettings = {
				INFOPLIST_FILE = nemappUITests/Info.plist;
				LD_RUNPATH_SEARCH_PATHS = "$(inherited) @executable_path/Frameworks @loader_path/Frameworks";
				PRODUCT_BUNDLE_IDENTIFIER = com.sixthsense.nemappUITests;
				PRODUCT_NAME = "$(TARGET_NAME)";
				TEST_TARGET_NAME = nemapp;
			};
			name = Release;
		};
/* End XCBuildConfiguration section */

/* Begin XCConfigurationList section */
		A846FB771E03BAD300AA98A9 /* Build configuration list for PBXProject "nemapp" */ = {
			isa = XCConfigurationList;
			buildConfigurations = (
				A846FBAA1E03BAD300AA98A9 /* Debug */,
				A846FBAB1E03BAD300AA98A9 /* Release */,
			);
			defaultConfigurationIsVisible = 0;
			defaultConfigurationName = Release;
		};
		A846FBAC1E03BAD300AA98A9 /* Build configuration list for PBXNativeTarget "nemapp" */ = {
			isa = XCConfigurationList;
			buildConfigurations = (
				A846FBAD1E03BAD300AA98A9 /* Debug */,
				A846FBAE1E03BAD300AA98A9 /* Release */,
			);
			defaultConfigurationIsVisible = 0;
			defaultConfigurationName = Release;
		};
		A846FBAF1E03BAD300AA98A9 /* Build configuration list for PBXNativeTarget "nemappTests" */ = {
			isa = XCConfigurationList;
			buildConfigurations = (
				A846FBB01E03BAD300AA98A9 /* Debug */,
				A846FBB11E03BAD300AA98A9 /* Release */,
			);
			defaultConfigurationIsVisible = 0;
			defaultConfigurationName = Release;
		};
		A846FBB21E03BAD300AA98A9 /* Build configuration list for PBXNativeTarget "nemappUITests" */ = {
			isa = XCConfigurationList;
			buildConfigurations = (
				A846FBB31E03BAD300AA98A9 /* Debug */,
				A846FBB41E03BAD300AA98A9 /* Release */,
			);
			defaultConfigurationIsVisible = 0;
			defaultConfigurationName = Release;
		};
/* End XCConfigurationList section */

/* Begin XCVersionGroup section */
		A846FB8B1E03BAD300AA98A9 /* nemapp.xcdatamodeld */ = {
			isa = XCVersionGroup;
			children = (
				A846FB8C1E03BAD300AA98A9 /* nemapp.xcdatamodel */,
			);
			currentVersion = A846FB8C1E03BAD300AA98A9 /* nemapp.xcdatamodel */;
			path = nemapp.xcdatamodeld;
			sourceTree = "<group>";
			versionGroupType = wrapper.xcdatamodel;
		};
/* End XCVersionGroup section */
	};
	rootObject = A846FB741E03BAD300AA98A9 /* Project object */;
}
