// !$*UTF8*$!
{
	archiveVersion = 1;
	classes = {
	};
	objectVersion = 46;
	objects = {

/* Begin PBXBuildFile section */
		A846FB811E03BAD300AA98A9 /* main.m in Sources */ = {isa = PBXBuildFile; fileRef = A846FB801E03BAD300AA98A9 /* main.m */; };
		A846FB841E03BAD300AA98A9 /* AppDelegate.m in Sources */ = {isa = PBXBuildFile; fileRef = A846FB831E03BAD300AA98A9 /* AppDelegate.m */; };
		A846FB8A1E03BAD300AA98A9 /* Main.storyboard in Resources */ = {isa = PBXBuildFile; fileRef = A846FB881E03BAD300AA98A9 /* Main.storyboard */; };
		A846FB8D1E03BAD300AA98A9 /* nemapp.xcdatamodeld in Sources */ = {isa = PBXBuildFile; fileRef = A846FB8B1E03BAD300AA98A9 /* nemapp.xcdatamodeld */; };
		A846FB8F1E03BAD300AA98A9 /* Assets.xcassets in Resources */ = {isa = PBXBuildFile; fileRef = A846FB8E1E03BAD300AA98A9 /* Assets.xcassets */; };
		A846FB921E03BAD300AA98A9 /* LaunchScreen.storyboard in Resources */ = {isa = PBXBuildFile; fileRef = A846FB901E03BAD300AA98A9 /* LaunchScreen.storyboard */; };
		A846FB9D1E03BAD300AA98A9 /* nemappTests.m in Sources */ = {isa = PBXBuildFile; fileRef = A846FB9C1E03BAD300AA98A9 /* nemappTests.m */; };
		A846FBA81E03BAD300AA98A9 /* nemappUITests.m in Sources */ = {isa = PBXBuildFile; fileRef = A846FBA71E03BAD300AA98A9 /* nemappUITests.m */; };
		A846FBB71E03BFE000AA98A9 /* Add.m in Sources */ = {isa = PBXBuildFile; fileRef = A846FBB61E03BFE000AA98A9 /* Add.m */; };
		A846FBBD1E03C63B00AA98A9 /* TodayList.m in Sources */ = {isa = PBXBuildFile; fileRef = A846FBBC1E03C63B00AA98A9 /* TodayList.m */; };
		A846FBC31E03CEE500AA98A9 /* Setting.m in Sources */ = {isa = PBXBuildFile; fileRef = A846FBC21E03CEE500AA98A9 /* Setting.m */; };
		A846FBEB1E03FB2700AA98A9 /* IQNSArray+Sort.m in Sources */ = {isa = PBXBuildFile; fileRef = A846FBC91E03FB2700AA98A9 /* IQNSArray+Sort.m */; };
		A846FBEC1E03FB2700AA98A9 /* IQUIScrollView+Additions.m in Sources */ = {isa = PBXBuildFile; fileRef = A846FBCB1E03FB2700AA98A9 /* IQUIScrollView+Additions.m */; };
		A846FBED1E03FB2700AA98A9 /* IQUITextFieldView+Additions.m in Sources */ = {isa = PBXBuildFile; fileRef = A846FBCD1E03FB2700AA98A9 /* IQUITextFieldView+Additions.m */; };
		A846FBEE1E03FB2700AA98A9 /* IQUIView+Hierarchy.m in Sources */ = {isa = PBXBuildFile; fileRef = A846FBCF1E03FB2700AA98A9 /* IQUIView+Hierarchy.m */; };
		A846FBEF1E03FB2700AA98A9 /* IQUIViewController+Additions.m in Sources */ = {isa = PBXBuildFile; fileRef = A846FBD11E03FB2700AA98A9 /* IQUIViewController+Additions.m */; };
		A846FBF01E03FB2700AA98A9 /* IQUIWindow+Hierarchy.m in Sources */ = {isa = PBXBuildFile; fileRef = A846FBD31E03FB2700AA98A9 /* IQUIWindow+Hierarchy.m */; };
		A846FBF11E03FB2700AA98A9 /* IQKeyboardManager.m in Sources */ = {isa = PBXBuildFile; fileRef = A846FBD81E03FB2700AA98A9 /* IQKeyboardManager.m */; };
		A846FBF21E03FB2700AA98A9 /* IQKeyboardReturnKeyHandler.m in Sources */ = {isa = PBXBuildFile; fileRef = A846FBDA1E03FB2700AA98A9 /* IQKeyboardReturnKeyHandler.m */; };
		A846FBF31E03FB2700AA98A9 /* IQTextView.m in Sources */ = {isa = PBXBuildFile; fileRef = A846FBDD1E03FB2700AA98A9 /* IQTextView.m */; };
		A846FBF41E03FB2700AA98A9 /* IQBarButtonItem.m in Sources */ = {isa = PBXBuildFile; fileRef = A846FBE01E03FB2700AA98A9 /* IQBarButtonItem.m */; };
		A846FBF51E03FB2700AA98A9 /* IQPreviousNextView.m in Sources */ = {isa = PBXBuildFile; fileRef = A846FBE21E03FB2700AA98A9 /* IQPreviousNextView.m */; };
		A846FBF61E03FB2700AA98A9 /* IQTitleBarButtonItem.m in Sources */ = {isa = PBXBuildFile; fileRef = A846FBE41E03FB2700AA98A9 /* IQTitleBarButtonItem.m */; };
		A846FBF71E03FB2700AA98A9 /* IQToolbar.m in Sources */ = {isa = PBXBuildFile; fileRef = A846FBE61E03FB2700AA98A9 /* IQToolbar.m */; };
		A846FBF81E03FB2700AA98A9 /* IQUIView+IQKeyboardToolbar.m in Sources */ = {isa = PBXBuildFile; fileRef = A846FBE81E03FB2700AA98A9 /* IQUIView+IQKeyboardToolbar.m */; };
		A846FBF91E03FB2700AA98A9 /* IQKeyboardManager.bundle in Resources */ = {isa = PBXBuildFile; fileRef = A846FBEA1E03FB2700AA98A9 /* IQKeyboardManager.bundle */; };
		A846FBFB1E03FE7E00AA98A9 /* CoreData.framework in Frameworks */ = {isa = PBXBuildFile; fileRef = A846FBFA1E03FE7E00AA98A9 /* CoreData.framework */; };
		A846FBFE1E0407F300AA98A9 /* TodayTableViewCell.m in Sources */ = {isa = PBXBuildFile; fileRef = A846FBFD1E0407F300AA98A9 /* TodayTableViewCell.m */; };
		A846FC0C1E0409B000AA98A9 /* NSMutableArray+SWUtilityButtons.m in Sources */ = {isa = PBXBuildFile; fileRef = A846FC011E0409B000AA98A9 /* NSMutableArray+SWUtilityButtons.m */; };
		A846FC0D1E0409B000AA98A9 /* SWCellScrollView.m in Sources */ = {isa = PBXBuildFile; fileRef = A846FC031E0409B000AA98A9 /* SWCellScrollView.m */; };
		A846FC0E1E0409B000AA98A9 /* SWLongPressGestureRecognizer.m in Sources */ = {isa = PBXBuildFile; fileRef = A846FC051E0409B000AA98A9 /* SWLongPressGestureRecognizer.m */; };
		A846FC0F1E0409B000AA98A9 /* SWTableViewCell.m in Sources */ = {isa = PBXBuildFile; fileRef = A846FC071E0409B000AA98A9 /* SWTableViewCell.m */; };
		A846FC101E0409B000AA98A9 /* SWUtilityButtonTapGestureRecognizer.m in Sources */ = {isa = PBXBuildFile; fileRef = A846FC091E0409B000AA98A9 /* SWUtilityButtonTapGestureRecognizer.m */; };
		A846FC111E0409B000AA98A9 /* SWUtilityButtonView.m in Sources */ = {isa = PBXBuildFile; fileRef = A846FC0B1E0409B000AA98A9 /* SWUtilityButtonView.m */; };
		A846FC361E040A9100AA98A9 /* CoreGraphics.framework in Frameworks */ = {isa = PBXBuildFile; fileRef = A846FC351E040A9100AA98A9 /* CoreGraphics.framework */; };
		A846FC381E040A9700AA98A9 /* UIKit.framework in Frameworks */ = {isa = PBXBuildFile; fileRef = A846FC371E040A9700AA98A9 /* UIKit.framework */; };
		A846FC3A1E040A9D00AA98A9 /* Foundation.framework in Frameworks */ = {isa = PBXBuildFile; fileRef = A846FC391E040A9D00AA98A9 /* Foundation.framework */; };
		A846FC411E040D0800AA98A9 /* Screen Shot 2016-12-16 at 5.16.10 PM.png in Resources */ = {isa = PBXBuildFile; fileRef = A846FC3F1E040D0800AA98A9 /* Screen Shot 2016-12-16 at 5.16.10 PM.png */; };
		A846FC421E040D0800AA98A9 /* Screen Shot 2016-12-16 at 5.16.34 PM.png in Resources */ = {isa = PBXBuildFile; fileRef = A846FC401E040D0800AA98A9 /* Screen Shot 2016-12-16 at 5.16.34 PM.png */; };
/* End PBXBuildFile section */

/* Begin PBXContainerItemProxy section */
		A846FB991E03BAD300AA98A9 /* PBXContainerItemProxy */ = {
			isa = PBXContainerItemProxy;
			containerPortal = A846FB741E03BAD300AA98A9 /* Project object */;
			proxyType = 1;
			remoteGlobalIDString = A846FB7B1E03BAD300AA98A9;
			remoteInfo = nemapp;
		};
		A846FBA41E03BAD300AA98A9 /* PBXContainerItemProxy */ = {
			isa = PBXContainerItemProxy;
			containerPortal = A846FB741E03BAD300AA98A9 /* Project object */;
			proxyType = 1;
			remoteGlobalIDString = A846FB7B1E03BAD300AA98A9;
			remoteInfo = nemapp;
		};
/* End PBXContainerItemProxy section */

/* Begin PBXFileReference section */
		A846FB7C1E03BAD300AA98A9 /* nemapp.app */ = {isa = PBXFileReference; explicitFileType = wrapper.application; includeInIndex = 0; path = nemapp.app; sourceTree = BUILT_PRODUCTS_DIR; };
		A846FB801E03BAD300AA98A9 /* main.m */ = {isa = PBXFileReference; lastKnownFileType = sourcecode.c.objc; path = main.m; sourceTree = "<group>"; };
		A846FB821E03BAD300AA98A9 /* AppDelegate.h */ = {isa = PBXFileReference; lastKnownFileType = sourcecode.c.h; path = AppDelegate.h; sourceTree = "<group>"; };
		A846FB831E03BAD300AA98A9 /* AppDelegate.m */ = {isa = PBXFileReference; lastKnownFileType = sourcecode.c.objc; path = AppDelegate.m; sourceTree = "<group>"; };
		A846FB891E03BAD300AA98A9 /* Base */ = {isa = PBXFileReference; lastKnownFileType = file.storyboard; name = Base; path = Base.lproj/Main.storyboard; sourceTree = "<group>"; };
		A846FB8C1E03BAD300AA98A9 /* nemapp.xcdatamodel */ = {isa = PBXFileReference; lastKnownFileType = wrapper.xcdatamodel; path = nemapp.xcdatamodel; sourceTree = "<group>"; };
		A846FB8E1E03BAD300AA98A9 /* Assets.xcassets */ = {isa = PBXFileReference; lastKnownFileType = folder.assetcatalog; path = Assets.xcassets; sourceTree = "<group>"; };
		A846FB911E03BAD300AA98A9 /* Base */ = {isa = PBXFileReference; lastKnownFileType = file.storyboard; name = Base; path = Base.lproj/LaunchScreen.storyboard; sourceTree = "<group>"; };
		A846FB931E03BAD300AA98A9 /* Info.plist */ = {isa = PBXFileReference; lastKnownFileType = text.plist.xml; path = Info.plist; sourceTree = "<group>"; };
		A846FB981E03BAD300AA98A9 /* nemappTests.xctest */ = {isa = PBXFileReference; explicitFileType = wrapper.cfbundle; includeInIndex = 0; path = nemappTests.xctest; sourceTree = BUILT_PRODUCTS_DIR; };
		A846FB9C1E03BAD300AA98A9 /* nemappTests.m */ = {isa = PBXFileReference; lastKnownFileType = sourcecode.c.objc; path = nemappTests.m; sourceTree = "<group>"; };
		A846FB9E1E03BAD300AA98A9 /* Info.plist */ = {isa = PBXFileReference; lastKnownFileType = text.plist.xml; path = Info.plist; sourceTree = "<group>"; };
		A846FBA31E03BAD300AA98A9 /* nemappUITests.xctest */ = {isa = PBXFileReference; explicitFileType = wrapper.cfbundle; includeInIndex = 0; path = nemappUITests.xctest; sourceTree = BUILT_PRODUCTS_DIR; };
		A846FBA71E03BAD300AA98A9 /* nemappUITests.m */ = {isa = PBXFileReference; lastKnownFileType = sourcecode.c.objc; path = nemappUITests.m; sourceTree = "<group>"; };
		A846FBA91E03BAD300AA98A9 /* Info.plist */ = {isa = PBXFileReference; lastKnownFileType = text.plist.xml; path = Info.plist; sourceTree = "<group>"; };
		A846FBB51E03BFE000AA98A9 /* Add.h */ = {isa = PBXFileReference; fileEncoding = 4; lastKnownFileType = sourcecode.c.h; path = Add.h; sourceTree = "<group>"; };
		A846FBB61E03BFE000AA98A9 /* Add.m */ = {isa = PBXFileReference; fileEncoding = 4; lastKnownFileType = sourcecode.c.objc; path = Add.m; sourceTree = "<group>"; };
		A846FBBB1E03C63B00AA98A9 /* TodayList.h */ = {isa = PBXFileReference; fileEncoding = 4; lastKnownFileType = sourcecode.c.h; path = TodayList.h; sourceTree = "<group>"; };
		A846FBBC1E03C63B00AA98A9 /* TodayList.m */ = {isa = PBXFileReference; fileEncoding = 4; lastKnownFileType = sourcecode.c.objc; path = TodayList.m; sourceTree = "<group>"; };
		A846FBC11E03CEE500AA98A9 /* Setting.h */ = {isa = PBXFileReference; fileEncoding = 4; lastKnownFileType = sourcecode.c.h; path = Setting.h; sourceTree = "<group>"; };
		A846FBC21E03CEE500AA98A9 /* Setting.m */ = {isa = PBXFileReference; fileEncoding = 4; lastKnownFileType = sourcecode.c.objc; path = Setting.m; sourceTree = "<group>"; };
		A846FBC81E03FB2700AA98A9 /* IQNSArray+Sort.h */ = {isa = PBXFileReference; fileEncoding = 4; lastKnownFileType = sourcecode.c.h; path = "IQNSArray+Sort.h"; sourceTree = "<group>"; };
		A846FBC91E03FB2700AA98A9 /* IQNSArray+Sort.m */ = {isa = PBXFileReference; fileEncoding = 4; lastKnownFileType = sourcecode.c.objc; path = "IQNSArray+Sort.m"; sourceTree = "<group>"; };
		A846FBCA1E03FB2700AA98A9 /* IQUIScrollView+Additions.h */ = {isa = PBXFileReference; fileEncoding = 4; lastKnownFileType = sourcecode.c.h; path = "IQUIScrollView+Additions.h"; sourceTree = "<group>"; };
		A846FBCB1E03FB2700AA98A9 /* IQUIScrollView+Additions.m */ = {isa = PBXFileReference; fileEncoding = 4; lastKnownFileType = sourcecode.c.objc; path = "IQUIScrollView+Additions.m"; sourceTree = "<group>"; };
		A846FBCC1E03FB2700AA98A9 /* IQUITextFieldView+Additions.h */ = {isa = PBXFileReference; fileEncoding = 4; lastKnownFileType = sourcecode.c.h; path = "IQUITextFieldView+Additions.h"; sourceTree = "<group>"; };
		A846FBCD1E03FB2700AA98A9 /* IQUITextFieldView+Additions.m */ = {isa = PBXFileReference; fileEncoding = 4; lastKnownFileType = sourcecode.c.objc; path = "IQUITextFieldView+Additions.m"; sourceTree = "<group>"; };
		A846FBCE1E03FB2700AA98A9 /* IQUIView+Hierarchy.h */ = {isa = PBXFileReference; fileEncoding = 4; lastKnownFileType = sourcecode.c.h; path = "IQUIView+Hierarchy.h"; sourceTree = "<group>"; };
		A846FBCF1E03FB2700AA98A9 /* IQUIView+Hierarchy.m */ = {isa = PBXFileReference; fileEncoding = 4; lastKnownFileType = sourcecode.c.objc; path = "IQUIView+Hierarchy.m"; sourceTree = "<group>"; };
		A846FBD01E03FB2700AA98A9 /* IQUIViewController+Additions.h */ = {isa = PBXFileReference; fileEncoding = 4; lastKnownFileType = sourcecode.c.h; path = "IQUIViewController+Additions.h"; sourceTree = "<group>"; };
		A846FBD11E03FB2700AA98A9 /* IQUIViewController+Additions.m */ = {isa = PBXFileReference; fileEncoding = 4; lastKnownFileType = sourcecode.c.objc; path = "IQUIViewController+Additions.m"; sourceTree = "<group>"; };
		A846FBD21E03FB2700AA98A9 /* IQUIWindow+Hierarchy.h */ = {isa = PBXFileReference; fileEncoding = 4; lastKnownFileType = sourcecode.c.h; path = "IQUIWindow+Hierarchy.h"; sourceTree = "<group>"; };
		A846FBD31E03FB2700AA98A9 /* IQUIWindow+Hierarchy.m */ = {isa = PBXFileReference; fileEncoding = 4; lastKnownFileType = sourcecode.c.objc; path = "IQUIWindow+Hierarchy.m"; sourceTree = "<group>"; };
		A846FBD51E03FB2700AA98A9 /* IQKeyboardManagerConstants.h */ = {isa = PBXFileReference; fileEncoding = 4; lastKnownFileType = sourcecode.c.h; path = IQKeyboardManagerConstants.h; sourceTree = "<group>"; };
		A846FBD61E03FB2700AA98A9 /* IQKeyboardManagerConstantsInternal.h */ = {isa = PBXFileReference; fileEncoding = 4; lastKnownFileType = sourcecode.c.h; path = IQKeyboardManagerConstantsInternal.h; sourceTree = "<group>"; };
		A846FBD71E03FB2700AA98A9 /* IQKeyboardManager.h */ = {isa = PBXFileReference; fileEncoding = 4; lastKnownFileType = sourcecode.c.h; path = IQKeyboardManager.h; sourceTree = "<group>"; };
		A846FBD81E03FB2700AA98A9 /* IQKeyboardManager.m */ = {isa = PBXFileReference; fileEncoding = 4; lastKnownFileType = sourcecode.c.objc; path = IQKeyboardManager.m; sourceTree = "<group>"; };
		A846FBD91E03FB2700AA98A9 /* IQKeyboardReturnKeyHandler.h */ = {isa = PBXFileReference; fileEncoding = 4; lastKnownFileType = sourcecode.c.h; path = IQKeyboardReturnKeyHandler.h; sourceTree = "<group>"; };
		A846FBDA1E03FB2700AA98A9 /* IQKeyboardReturnKeyHandler.m */ = {isa = PBXFileReference; fileEncoding = 4; lastKnownFileType = sourcecode.c.objc; path = IQKeyboardReturnKeyHandler.m; sourceTree = "<group>"; };
		A846FBDC1E03FB2700AA98A9 /* IQTextView.h */ = {isa = PBXFileReference; fileEncoding = 4; lastKnownFileType = sourcecode.c.h; path = IQTextView.h; sourceTree = "<group>"; };
		A846FBDD1E03FB2700AA98A9 /* IQTextView.m */ = {isa = PBXFileReference; fileEncoding = 4; lastKnownFileType = sourcecode.c.objc; path = IQTextView.m; sourceTree = "<group>"; };
		A846FBDF1E03FB2700AA98A9 /* IQBarButtonItem.h */ = {isa = PBXFileReference; fileEncoding = 4; lastKnownFileType = sourcecode.c.h; path = IQBarButtonItem.h; sourceTree = "<group>"; };
		A846FBE01E03FB2700AA98A9 /* IQBarButtonItem.m */ = {isa = PBXFileReference; fileEncoding = 4; lastKnownFileType = sourcecode.c.objc; path = IQBarButtonItem.m; sourceTree = "<group>"; };
		A846FBE11E03FB2700AA98A9 /* IQPreviousNextView.h */ = {isa = PBXFileReference; fileEncoding = 4; lastKnownFileType = sourcecode.c.h; path = IQPreviousNextView.h; sourceTree = "<group>"; };
		A846FBE21E03FB2700AA98A9 /* IQPreviousNextView.m */ = {isa = PBXFileReference; fileEncoding = 4; lastKnownFileType = sourcecode.c.objc; path = IQPreviousNextView.m; sourceTree = "<group>"; };
		A846FBE31E03FB2700AA98A9 /* IQTitleBarButtonItem.h */ = {isa = PBXFileReference; fileEncoding = 4; lastKnownFileType = sourcecode.c.h; path = IQTitleBarButtonItem.h; sourceTree = "<group>"; };
		A846FBE41E03FB2700AA98A9 /* IQTitleBarButtonItem.m */ = {isa = PBXFileReference; fileEncoding = 4; lastKnownFileType = sourcecode.c.objc; path = IQTitleBarButtonItem.m; sourceTree = "<group>"; };
		A846FBE51E03FB2700AA98A9 /* IQToolbar.h */ = {isa = PBXFileReference; fileEncoding = 4; lastKnownFileType = sourcecode.c.h; path = IQToolbar.h; sourceTree = "<group>"; };
		A846FBE61E03FB2700AA98A9 /* IQToolbar.m */ = {isa = PBXFileReference; fileEncoding = 4; lastKnownFileType = sourcecode.c.objc; path = IQToolbar.m; sourceTree = "<group>"; };
		A846FBE71E03FB2700AA98A9 /* IQUIView+IQKeyboardToolbar.h */ = {isa = PBXFileReference; fileEncoding = 4; lastKnownFileType = sourcecode.c.h; path = "IQUIView+IQKeyboardToolbar.h"; sourceTree = "<group>"; };
		A846FBE81E03FB2700AA98A9 /* IQUIView+IQKeyboardToolbar.m */ = {isa = PBXFileReference; fileEncoding = 4; lastKnownFileType = sourcecode.c.objc; path = "IQUIView+IQKeyboardToolbar.m"; sourceTree = "<group>"; };
		A846FBEA1E03FB2700AA98A9 /* IQKeyboardManager.bundle */ = {isa = PBXFileReference; lastKnownFileType = "wrapper.plug-in"; path = IQKeyboardManager.bundle; sourceTree = "<group>"; };
		A846FBFA1E03FE7E00AA98A9 /* CoreData.framework */ = {isa = PBXFileReference; lastKnownFileType = wrapper.framework; name = CoreData.framework; path = System/Library/Frameworks/CoreData.framework; sourceTree = SDKROOT; };
		A846FBFC1E0407F300AA98A9 /* TodayTableViewCell.h */ = {isa = PBXFileReference; fileEncoding = 4; lastKnownFileType = sourcecode.c.h; path = TodayTableViewCell.h; sourceTree = "<group>"; };
		A846FBFD1E0407F300AA98A9 /* TodayTableViewCell.m */ = {isa = PBXFileReference; fileEncoding = 4; lastKnownFileType = sourcecode.c.objc; path = TodayTableViewCell.m; sourceTree = "<group>"; };
		A846FC001E0409B000AA98A9 /* NSMutableArray+SWUtilityButtons.h */ = {isa = PBXFileReference; fileEncoding = 4; lastKnownFileType = sourcecode.c.h; path = "NSMutableArray+SWUtilityButtons.h"; sourceTree = "<group>"; };
		A846FC011E0409B000AA98A9 /* NSMutableArray+SWUtilityButtons.m */ = {isa = PBXFileReference; fileEncoding = 4; lastKnownFileType = sourcecode.c.objc; path = "NSMutableArray+SWUtilityButtons.m"; sourceTree = "<group>"; };
		A846FC021E0409B000AA98A9 /* SWCellScrollView.h */ = {isa = PBXFileReference; fileEncoding = 4; lastKnownFileType = sourcecode.c.h; path = SWCellScrollView.h; sourceTree = "<group>"; };
		A846FC031E0409B000AA98A9 /* SWCellScrollView.m */ = {isa = PBXFileReference; fileEncoding = 4; lastKnownFileType = sourcecode.c.objc; path = SWCellScrollView.m; sourceTree = "<group>"; };
		A846FC041E0409B000AA98A9 /* SWLongPressGestureRecognizer.h */ = {isa = PBXFileReference; fileEncoding = 4; lastKnownFileType = sourcecode.c.h; path = SWLongPressGestureRecognizer.h; sourceTree = "<group>"; };
		A846FC051E0409B000AA98A9 /* SWLongPressGestureRecognizer.m */ = {isa = PBXFileReference; fileEncoding = 4; lastKnownFileType = sourcecode.c.objc; path = SWLongPressGestureRecognizer.m; sourceTree = "<group>"; };
		A846FC061E0409B000AA98A9 /* SWTableViewCell.h */ = {isa = PBXFileReference; fileEncoding = 4; lastKnownFileType = sourcecode.c.h; path = SWTableViewCell.h; sourceTree = "<group>"; };
		A846FC071E0409B000AA98A9 /* SWTableViewCell.m */ = {isa = PBXFileReference; fileEncoding = 4; lastKnownFileType = sourcecode.c.objc; path = SWTableViewCell.m; sourceTree = "<group>"; };
		A846FC081E0409B000AA98A9 /* SWUtilityButtonTapGestureRecognizer.h */ = {isa = PBXFileReference; fileEncoding = 4; lastKnownFileType = sourcecode.c.h; path = SWUtilityButtonTapGestureRecognizer.h; sourceTree = "<group>"; };
		A846FC091E0409B000AA98A9 /* SWUtilityButtonTapGestureRecognizer.m */ = {isa = PBXFileReference; fileEncoding = 4; lastKnownFileType = sourcecode.c.objc; path = SWUtilityButtonTapGestureRecognizer.m; sourceTree = "<group>"; };
		A846FC0A1E0409B000AA98A9 /* SWUtilityButtonView.h */ = {isa = PBXFileReference; fileEncoding = 4; lastKnownFileType = sourcecode.c.h; path = SWUtilityButtonView.h; sourceTree = "<group>"; };
		A846FC0B1E0409B000AA98A9 /* SWUtilityButtonView.m */ = {isa = PBXFileReference; fileEncoding = 4; lastKnownFileType = sourcecode.c.objc; path = SWUtilityButtonView.m; sourceTree = "<group>"; };
		A846FC351E040A9100AA98A9 /* CoreGraphics.framework */ = {isa = PBXFileReference; lastKnownFileType = wrapper.framework; name = CoreGraphics.framework; path = System/Library/Frameworks/CoreGraphics.framework; sourceTree = SDKROOT; };
		A846FC371E040A9700AA98A9 /* UIKit.framework */ = {isa = PBXFileReference; lastKnownFileType = wrapper.framework; name = UIKit.framework; path = System/Library/Frameworks/UIKit.framework; sourceTree = SDKROOT; };
		A846FC391E040A9D00AA98A9 /* Foundation.framework */ = {isa = PBXFileReference; lastKnownFileType = wrapper.framework; name = Foundation.framework; path = System/Library/Frameworks/Foundation.framework; sourceTree = SDKROOT; };
		A846FC3F1E040D0800AA98A9 /* Screen Shot 2016-12-16 at 5.16.10 PM.png */ = {isa = PBXFileReference; lastKnownFileType = image.png; name = "Screen Shot 2016-12-16 at 5.16.10 PM.png"; path = "images/Screen Shot 2016-12-16 at 5.16.10 PM.png"; sourceTree = "<group>"; };
		A846FC401E040D0800AA98A9 /* Screen Shot 2016-12-16 at 5.16.34 PM.png */ = {isa = PBXFileReference; lastKnownFileType = image.png; name = "Screen Shot 2016-12-16 at 5.16.34 PM.png"; path = "images/Screen Shot 2016-12-16 at 5.16.34 PM.png"; sourceTree = "<group>"; };
/* End PBXFileReference section */

/* Begin PBXFrameworksBuildPhase section */
		A846FB791E03BAD300AA98A9 /* Frameworks */ = {
			isa = PBXFrameworksBuildPhase;
			buildActionMask = 2147483647;
			files = (
				A846FC3A1E040A9D00AA98A9 /* Foundation.framework in Frameworks */,
				A846FC381E040A9700AA98A9 /* UIKit.framework in Frameworks */,
				A846FC361E040A9100AA98A9 /* CoreGraphics.framework in Frameworks */,
				A846FBFB1E03FE7E00AA98A9 /* CoreData.framework in Frameworks */,
			);
			runOnlyForDeploymentPostprocessing = 0;
		};
		A846FB951E03BAD300AA98A9 /* Frameworks */ = {
			isa = PBXFrameworksBuildPhase;
			buildActionMask = 2147483647;
			files = (
			);
			runOnlyForDeploymentPostprocessing = 0;
		};
		A846FBA01E03BAD300AA98A9 /* Frameworks */ = {
			isa = PBXFrameworksBuildPhase;
			buildActionMask = 2147483647;
			files = (
			);
			runOnlyForDeploymentPostprocessing = 0;
		};
/* End PBXFrameworksBuildPhase section */

/* Begin PBXGroup section */
		A846FB731E03BAD300AA98A9 = {
			isa = PBXGroup;
			children = (
				A846FC3F1E040D0800AA98A9 /* Screen Shot 2016-12-16 at 5.16.10 PM.png */,
				A846FC401E040D0800AA98A9 /* Screen Shot 2016-12-16 at 5.16.34 PM.png */,
				A846FC391E040A9D00AA98A9 /* Foundation.framework */,
				A846FC371E040A9700AA98A9 /* UIKit.framework */,
				A846FC351E040A9100AA98A9 /* CoreGraphics.framework */,
				A846FBFA1E03FE7E00AA98A9 /* CoreData.framework */,
				A846FB7E1E03BAD300AA98A9 /* nemapp */,
				A846FB9B1E03BAD300AA98A9 /* nemappTests */,
				A846FBA61E03BAD300AA98A9 /* nemappUITests */,
				A846FB7D1E03BAD300AA98A9 /* Products */,
			);
			sourceTree = "<group>";
		};
		A846FB7D1E03BAD300AA98A9 /* Products */ = {
			isa = PBXGroup;
			children = (
				A846FB7C1E03BAD300AA98A9 /* nemapp.app */,
				A846FB981E03BAD300AA98A9 /* nemappTests.xctest */,
				A846FBA31E03BAD300AA98A9 /* nemappUITests.xctest */,
			);
			name = Products;
			sourceTree = "<group>";
		};
		A846FB7E1E03BAD300AA98A9 /* nemapp */ = {
			isa = PBXGroup;
			children = (
				A846FBFF1E0409B000AA98A9 /* SWTableViewCell */,
				A846FBC61E03FB2700AA98A9 /* IQKeyboardManager */,
				A846FB821E03BAD300AA98A9 /* AppDelegate.h */,
				A846FB831E03BAD300AA98A9 /* AppDelegate.m */,
				A846FBBB1E03C63B00AA98A9 /* TodayList.h */,
				A846FBBC1E03C63B00AA98A9 /* TodayList.m */,
				A846FBFC1E0407F300AA98A9 /* TodayTableViewCell.h */,
				A846FBFD1E0407F300AA98A9 /* TodayTableViewCell.m */,
				A846FBB51E03BFE000AA98A9 /* Add.h */,
				A846FBB61E03BFE000AA98A9 /* Add.m */,
				A846FBC11E03CEE500AA98A9 /* Setting.h */,
				A846FBC21E03CEE500AA98A9 /* Setting.m */,
				A846FB881E03BAD300AA98A9 /* Main.storyboard */,
				A846FB8E1E03BAD300AA98A9 /* Assets.xcassets */,
				A846FB901E03BAD300AA98A9 /* LaunchScreen.storyboard */,
				A846FB931E03BAD300AA98A9 /* Info.plist */,
				A846FB8B1E03BAD300AA98A9 /* nemapp.xcdatamodeld */,
				A846FB7F1E03BAD300AA98A9 /* Supporting Files */,
			);
			path = nemapp;
			sourceTree = "<group>";
		};
		A846FB7F1E03BAD300AA98A9 /* Supporting Files */ = {
			isa = PBXGroup;
			children = (
				A846FB801E03BAD300AA98A9 /* main.m */,
			);
			name = "Supporting Files";
			sourceTree = "<group>";
		};
		A846FB9B1E03BAD300AA98A9 /* nemappTests */ = {
			isa = PBXGroup;
			children = (
				A846FB9C1E03BAD300AA98A9 /* nemappTests.m */,
				A846FB9E1E03BAD300AA98A9 /* Info.plist */,
			);
			path = nemappTests;
			sourceTree = "<group>";
		};
		A846FBA61E03BAD300AA98A9 /* nemappUITests */ = {
			isa = PBXGroup;
			children = (
				A846FBA71E03BAD300AA98A9 /* nemappUITests.m */,
				A846FBA91E03BAD300AA98A9 /* Info.plist */,
			);
			path = nemappUITests;
			sourceTree = "<group>";
		};
		A846FBC61E03FB2700AA98A9 /* IQKeyboardManager */ = {
			isa = PBXGroup;
			children = (
				A846FBC71E03FB2700AA98A9 /* Categories */,
				A846FBD41E03FB2700AA98A9 /* Constants */,
				A846FBD71E03FB2700AA98A9 /* IQKeyboardManager.h */,
				A846FBD81E03FB2700AA98A9 /* IQKeyboardManager.m */,
				A846FBD91E03FB2700AA98A9 /* IQKeyboardReturnKeyHandler.h */,
				A846FBDA1E03FB2700AA98A9 /* IQKeyboardReturnKeyHandler.m */,
				A846FBDB1E03FB2700AA98A9 /* IQTextView */,
				A846FBDE1E03FB2700AA98A9 /* IQToolbar */,
				A846FBE91E03FB2700AA98A9 /* Resources */,
			);
			path = IQKeyboardManager;
			sourceTree = "<group>";
		};
		A846FBC71E03FB2700AA98A9 /* Categories */ = {
			isa = PBXGroup;
			children = (
				A846FBC81E03FB2700AA98A9 /* IQNSArray+Sort.h */,
				A846FBC91E03FB2700AA98A9 /* IQNSArray+Sort.m */,
				A846FBCA1E03FB2700AA98A9 /* IQUIScrollView+Additions.h */,
				A846FBCB1E03FB2700AA98A9 /* IQUIScrollView+Additions.m */,
				A846FBCC1E03FB2700AA98A9 /* IQUITextFieldView+Additions.h */,
				A846FBCD1E03FB2700AA98A9 /* IQUITextFieldView+Additions.m */,
				A846FBCE1E03FB2700AA98A9 /* IQUIView+Hierarchy.h */,
				A846FBCF1E03FB2700AA98A9 /* IQUIView+Hierarchy.m */,
				A846FBD01E03FB2700AA98A9 /* IQUIViewController+Additions.h */,
				A846FBD11E03FB2700AA98A9 /* IQUIViewController+Additions.m */,
				A846FBD21E03FB2700AA98A9 /* IQUIWindow+Hierarchy.h */,
				A846FBD31E03FB2700AA98A9 /* IQUIWindow+Hierarchy.m */,
			);
			path = Categories;
			sourceTree = "<group>";
		};
		A846FBD41E03FB2700AA98A9 /* Constants */ = {
			isa = PBXGroup;
			children = (
				A846FBD51E03FB2700AA98A9 /* IQKeyboardManagerConstants.h */,
				A846FBD61E03FB2700AA98A9 /* IQKeyboardManagerConstantsInternal.h */,
			);
			path = Constants;
			sourceTree = "<group>";
		};
		A846FBDB1E03FB2700AA98A9 /* IQTextView */ = {
			isa = PBXGroup;
			children = (
				A846FBDC1E03FB2700AA98A9 /* IQTextView.h */,
				A846FBDD1E03FB2700AA98A9 /* IQTextView.m */,
			);
			path = IQTextView;
			sourceTree = "<group>";
		};
		A846FBDE1E03FB2700AA98A9 /* IQToolbar */ = {
			isa = PBXGroup;
			children = (
				A846FBDF1E03FB2700AA98A9 /* IQBarButtonItem.h */,
				A846FBE01E03FB2700AA98A9 /* IQBarButtonItem.m */,
				A846FBE11E03FB2700AA98A9 /* IQPreviousNextView.h */,
				A846FBE21E03FB2700AA98A9 /* IQPreviousNextView.m */,
				A846FBE31E03FB2700AA98A9 /* IQTitleBarButtonItem.h */,
				A846FBE41E03FB2700AA98A9 /* IQTitleBarButtonItem.m */,
				A846FBE51E03FB2700AA98A9 /* IQToolbar.h */,
				A846FBE61E03FB2700AA98A9 /* IQToolbar.m */,
				A846FBE71E03FB2700AA98A9 /* IQUIView+IQKeyboardToolbar.h */,
				A846FBE81E03FB2700AA98A9 /* IQUIView+IQKeyboardToolbar.m */,
			);
			path = IQToolbar;
			sourceTree = "<group>";
		};
		A846FBE91E03FB2700AA98A9 /* Resources */ = {
			isa = PBXGroup;
			children = (
				A846FBEA1E03FB2700AA98A9 /* IQKeyboardManager.bundle */,
			);
			path = Resources;
			sourceTree = "<group>";
		};
		A846FBFF1E0409B000AA98A9 /* SWTableViewCell */ = {
			isa = PBXGroup;
			children = (
				A846FC001E0409B000AA98A9 /* NSMutableArray+SWUtilityButtons.h */,
				A846FC011E0409B000AA98A9 /* NSMutableArray+SWUtilityButtons.m */,
				A846FC021E0409B000AA98A9 /* SWCellScrollView.h */,
				A846FC031E0409B000AA98A9 /* SWCellScrollView.m */,
				A846FC041E0409B000AA98A9 /* SWLongPressGestureRecognizer.h */,
				A846FC051E0409B000AA98A9 /* SWLongPressGestureRecognizer.m */,
				A846FC061E0409B000AA98A9 /* SWTableViewCell.h */,
				A846FC071E0409B000AA98A9 /* SWTableViewCell.m */,
				A846FC081E0409B000AA98A9 /* SWUtilityButtonTapGestureRecognizer.h */,
				A846FC091E0409B000AA98A9 /* SWUtilityButtonTapGestureRecognizer.m */,
				A846FC0A1E0409B000AA98A9 /* SWUtilityButtonView.h */,
				A846FC0B1E0409B000AA98A9 /* SWUtilityButtonView.m */,
			);
			path = SWTableViewCell;
			sourceTree = "<group>";
		};
/* End PBXGroup section */

/* Begin PBXNativeTarget section */
		A846FB7B1E03BAD300AA98A9 /* nemapp */ = {
			isa = PBXNativeTarget;
			buildConfigurationList = A846FBAC1E03BAD300AA98A9 /* Build configuration list for PBXNativeTarget "nemapp" */;
			buildPhases = (
				A846FB781E03BAD300AA98A9 /* Sources */,
				A846FB791E03BAD300AA98A9 /* Frameworks */,
				A846FB7A1E03BAD300AA98A9 /* Resources */,
			);
			buildRules = (
			);
			dependencies = (
			);
			name = nemapp;
			productName = nemapp;
			productReference = A846FB7C1E03BAD300AA98A9 /* nemapp.app */;
			productType = "com.apple.product-type.application";
		};
		A846FB971E03BAD300AA98A9 /* nemappTests */ = {
			isa = PBXNativeTarget;
			buildConfigurationList = A846FBAF1E03BAD300AA98A9 /* Build configuration list for PBXNativeTarget "nemappTests" */;
			buildPhases = (
				A846FB941E03BAD300AA98A9 /* Sources */,
				A846FB951E03BAD300AA98A9 /* Frameworks */,
				A846FB961E03BAD300AA98A9 /* Resources */,
			);
			buildRules = (
			);
			dependencies = (
				A846FB9A1E03BAD300AA98A9 /* PBXTargetDependency */,
			);
			name = nemappTests;
			productName = nemappTests;
			productReference = A846FB981E03BAD300AA98A9 /* nemappTests.xctest */;
			productType = "com.apple.product-type.bundle.unit-test";
		};
		A846FBA21E03BAD300AA98A9 /* nemappUITests */ = {
			isa = PBXNativeTarget;
			buildConfigurationList = A846FBB21E03BAD300AA98A9 /* Build configuration list for PBXNativeTarget "nemappUITests" */;
			buildPhases = (
				A846FB9F1E03BAD300AA98A9 /* Sources */,
				A846FBA01E03BAD300AA98A9 /* Frameworks */,
				A846FBA11E03BAD300AA98A9 /* Resources */,
			);
			buildRules = (
			);
			dependencies = (
				A846FBA51E03BAD300AA98A9 /* PBXTargetDependency */,
			);
			name = nemappUITests;
			productName = nemappUITests;
			productReference = A846FBA31E03BAD300AA98A9 /* nemappUITests.xctest */;
			productType = "com.apple.product-type.bundle.ui-testing";
		};
/* End PBXNativeTarget section */

/* Begin PBXProject section */
		A846FB741E03BAD300AA98A9 /* Project object */ = {
			isa = PBXProject;
			attributes = {
				LastUpgradeCheck = 0730;
				ORGANIZATIONNAME = Sixthsense;
				TargetAttributes = {
					A846FB7B1E03BAD300AA98A9 = {
						CreatedOnToolsVersion = 7.3.1;
						DevelopmentTeam = EU7E6J5A6W;
					};
					A846FB971E03BAD300AA98A9 = {
						CreatedOnToolsVersion = 7.3.1;
						TestTargetID = A846FB7B1E03BAD300AA98A9;
					};
					A846FBA21E03BAD300AA98A9 = {
						CreatedOnToolsVersion = 7.3.1;
						TestTargetID = A846FB7B1E03BAD300AA98A9;
					};
				};
			};
			buildConfigurationList = A846FB771E03BAD300AA98A9 /* Build configuration list for PBXProject "nemapp" */;
			compatibilityVersion = "Xcode 3.2";
			developmentRegion = English;
			hasScannedForEncodings = 0;
			knownRegions = (
				en,
				Base,
			);
			mainGroup = A846FB731E03BAD300AA98A9;
			productRefGroup = A846FB7D1E03BAD300AA98A9 /* Products */;
			projectDirPath = "";
			projectRoot = "";
			targets = (
				A846FB7B1E03BAD300AA98A9 /* nemapp */,
				A846FB971E03BAD300AA98A9 /* nemappTests */,
				A846FBA21E03BAD300AA98A9 /* nemappUITests */,
			);
		};
/* End PBXProject section */

/* Begin PBXResourcesBuildPhase section */
		A846FB7A1E03BAD300AA98A9 /* Resources */ = {
			isa = PBXResourcesBuildPhase;
			buildActionMask = 2147483647;
			files = (
				A846FC411E040D0800AA98A9 /* Screen Shot 2016-12-16 at 5.16.10 PM.png in Resources */,
				A846FB921E03BAD300AA98A9 /* LaunchScreen.storyboard in Resources */,
				A846FC421E040D0800AA98A9 /* Screen Shot 2016-12-16 at 5.16.34 PM.png in Resources */,
				A846FB8F1E03BAD300AA98A9 /* Assets.xcassets in Resources */,
				A846FBF91E03FB2700AA98A9 /* IQKeyboardManager.bundle in Resources */,
				A846FB8A1E03BAD300AA98A9 /* Main.storyboard in Resources */,
			);
			runOnlyForDeploymentPostprocessing = 0;
		};
		A846FB961E03BAD300AA98A9 /* Resources */ = {
			isa = PBXResourcesBuildPhase;
			buildActionMask = 2147483647;
			files = (
			);
			runOnlyForDeploymentPostprocessing = 0;
		};
		A846FBA11E03BAD300AA98A9 /* Resources */ = {
			isa = PBXResourcesBuildPhase;
			buildActionMask = 2147483647;
			files = (
			);
			runOnlyForDeploymentPostprocessing = 0;
		};
/* End PBXResourcesBuildPhase section */

/* Begin PBXSourcesBuildPhase section */
		A846FB781E03BAD300AA98A9 /* Sources */ = {
			isa = PBXSourcesBuildPhase;
			buildActionMask = 2147483647;
			files = (
				A846FB8D1E03BAD300AA98A9 /* nemapp.xcdatamodeld in Sources */,
				A846FBF21E03FB2700AA98A9 /* IQKeyboardReturnKeyHandler.m in Sources */,
				A846FBEC1E03FB2700AA98A9 /* IQUIScrollView+Additions.m in Sources */,
				A846FBEF1E03FB2700AA98A9 /* IQUIViewController+Additions.m in Sources */,
				A846FBF01E03FB2700AA98A9 /* IQUIWindow+Hierarchy.m in Sources */,
				A846FBB71E03BFE000AA98A9 /* Add.m in Sources */,
				A846FC101E0409B000AA98A9 /* SWUtilityButtonTapGestureRecognizer.m in Sources */,
				A846FBF41E03FB2700AA98A9 /* IQBarButtonItem.m in Sources */,
				A846FBC31E03CEE500AA98A9 /* Setting.m in Sources */,
				A846FBEE1E03FB2700AA98A9 /* IQUIView+Hierarchy.m in Sources */,
				A846FBFE1E0407F300AA98A9 /* TodayTableViewCell.m in Sources */,
				A846FBEB1E03FB2700AA98A9 /* IQNSArray+Sort.m in Sources */,
				A846FB841E03BAD300AA98A9 /* AppDelegate.m in Sources */,
				A846FBF81E03FB2700AA98A9 /* IQUIView+IQKeyboardToolbar.m in Sources */,
				A846FC0D1E0409B000AA98A9 /* SWCellScrollView.m in Sources */,
				A846FBED1E03FB2700AA98A9 /* IQUITextFieldView+Additions.m in Sources */,
				A846FC0C1E0409B000AA98A9 /* NSMutableArray+SWUtilityButtons.m in Sources */,
				A846FBF11E03FB2700AA98A9 /* IQKeyboardManager.m in Sources */,
				A846FBF71E03FB2700AA98A9 /* IQToolbar.m in Sources */,
				A846FBF61E03FB2700AA98A9 /* IQTitleBarButtonItem.m in Sources */,
				A846FBBD1E03C63B00AA98A9 /* TodayList.m in Sources */,
				A846FBF31E03FB2700AA98A9 /* IQTextView.m in Sources */,
				A846FC111E0409B000AA98A9 /* SWUtilityButtonView.m in Sources */,
				A846FC0F1E0409B000AA98A9 /* SWTableViewCell.m in Sources */,
				A846FB811E03BAD300AA98A9 /* main.m in Sources */,
				A846FBF51E03FB2700AA98A9 /* IQPreviousNextView.m in Sources */,
				A846FC0E1E0409B000AA98A9 /* SWLongPressGestureRecognizer.m in Sources */,
			);
			runOnlyForDeploymentPostprocessing = 0;
		};
		A846FB941E03BAD300AA98A9 /* Sources */ = {
			isa = PBXSourcesBuildPhase;
			buildActionMask = 2147483647;
			files = (
				A846FB9D1E03BAD300AA98A9 /* nemappTests.m in Sources */,
			);
			runOnlyForDeploymentPostprocessing = 0;
		};
		A846FB9F1E03BAD300AA98A9 /* Sources */ = {
			isa = PBXSourcesBuildPhase;
			buildActionMask = 2147483647;
			files = (
				A846FBA81E03BAD300AA98A9 /* nemappUITests.m in Sources */,
			);
			runOnlyForDeploymentPostprocessing = 0;
		};
/* End PBXSourcesBuildPhase section */

/* Begin PBXTargetDependency section */
		A846FB9A1E03BAD300AA98A9 /* PBXTargetDependency */ = {
			isa = PBXTargetDependency;
			target = A846FB7B1E03BAD300AA98A9 /* nemapp */;
			targetProxy = A846FB991E03BAD300AA98A9 /* PBXContainerItemProxy */;
		};
		A846FBA51E03BAD300AA98A9 /* PBXTargetDependency */ = {
			isa = PBXTargetDependency;
			target = A846FB7B1E03BAD300AA98A9 /* nemapp */;
			targetProxy = A846FBA41E03BAD300AA98A9 /* PBXContainerItemProxy */;
		};
/* End PBXTargetDependency section */

/* Begin PBXVariantGroup section */
		A846FB881E03BAD300AA98A9 /* Main.storyboard */ = {
			isa = PBXVariantGroup;
			children = (
				A846FB891E03BAD300AA98A9 /* Base */,
			);
			name = Main.storyboard;
			sourceTree = "<group>";
		};
		A846FB901E03BAD300AA98A9 /* LaunchScreen.storyboard */ = {
			isa = PBXVariantGroup;
			children = (
				A846FB911E03BAD300AA98A9 /* Base */,
			);
			name = LaunchScreen.storyboard;
			sourceTree = "<group>";
		};
/* End PBXVariantGroup section */

/* Begin XCBuildConfiguration section */
		A846FBAA1E03BAD300AA98A9 /* Debug */ = {
			isa = XCBuildConfiguration;
			buildSettings = {
				ALWAYS_SEARCH_USER_PATHS = NO;
				CLANG_ANALYZER_NONNULL = YES;
				CLANG_CXX_LANGUAGE_STANDARD = "gnu++0x";
				CLANG_CXX_LIBRARY = "libc++";
				CLANG_ENABLE_MODULES = YES;
				CLANG_ENABLE_OBJC_ARC = YES;
				CLANG_WARN_BOOL_CONVERSION = YES;
				CLANG_WARN_CONSTANT_CONVERSION = YES;
				CLANG_WARN_DIRECT_OBJC_ISA_USAGE = YES_ERROR;
				CLANG_WARN_EMPTY_BODY = YES;
				CLANG_WARN_ENUM_CONVERSION = YES;
				CLANG_WARN_INT_CONVERSION = YES;
				CLANG_WARN_OBJC_ROOT_CLASS = YES_ERROR;
				CLANG_WARN_UNREACHABLE_CODE = YES;
				CLANG_WARN__DUPLICATE_METHOD_MATCH = YES;
				CODE_SIGN_IDENTITY = "iPhone Developer: ces ruiz (5UHP48TG33)";
				"CODE_SIGN_IDENTITY[sdk=iphoneos*]" = "iPhone Developer: ces ruiz (5UHP48TG33)";
				COPY_PHASE_STRIP = NO;
				DEBUG_INFORMATION_FORMAT = dwarf;
				ENABLE_STRICT_OBJC_MSGSEND = YES;
				ENABLE_TESTABILITY = YES;
				GCC_C_LANGUAGE_STANDARD = gnu99;
				GCC_DYNAMIC_NO_PIC = NO;
				GCC_NO_COMMON_BLOCKS = YES;
				GCC_OPTIMIZATION_LEVEL = 0;
				GCC_PREPROCESSOR_DEFINITIONS = (
					"DEBUG=1",
					"$(inherited)",
				);
				GCC_WARN_64_TO_32_BIT_CONVERSION = YES;
				GCC_WARN_ABOUT_RETURN_TYPE = YES_ERROR;
				GCC_WARN_UNDECLARED_SELECTOR = YES;
				GCC_WARN_UNINITIALIZED_AUTOS = YES_AGGRESSIVE;
				GCC_WARN_UNUSED_FUNCTION = YES;
				GCC_WARN_UNUSED_VARIABLE = YES;
				IPHONEOS_DEPLOYMENT_TARGET = 9.3;
				MTL_ENABLE_DEBUG_INFO = YES;
				ONLY_ACTIVE_ARCH = YES;
				SDKROOT = iphoneos;
				TARGETED_DEVICE_FAMILY = "1,2";
			};
			name = Debug;
		};
		A846FBAB1E03BAD300AA98A9 /* Release */ = {
			isa = XCBuildConfiguration;
			buildSettings = {
				ALWAYS_SEARCH_USER_PATHS = NO;
				CLANG_ANALYZER_NONNULL = YES;
				CLANG_CXX_LANGUAGE_STANDARD = "gnu++0x";
				CLANG_CXX_LIBRARY = "libc++";
				CLANG_ENABLE_MODULES = YES;
				CLANG_ENABLE_OBJC_ARC = YES;
				CLANG_WARN_BOOL_CONVERSION = YES;
				CLANG_WARN_CONSTANT_CONVERSION = YES;
				CLANG_WARN_DIRECT_OBJC_ISA_USAGE = YES_ERROR;
				CLANG_WARN_EMPTY_BODY = YES;
				CLANG_WARN_ENUM_CONVERSION = YES;
				CLANG_WARN_INT_CONVERSION = YES;
				CLANG_WARN_OBJC_ROOT_CLASS = YES_ERROR;
				CLANG_WARN_UNREACHABLE_CODE = YES;
				CLANG_WARN__DUPLICATE_METHOD_MATCH = YES;
				CODE_SIGN_IDENTITY = "iPhone Developer: ces ruiz (5UHP48TG33)";
				"CODE_SIGN_IDENTITY[sdk=iphoneos*]" = "iPhone Developer: ces ruiz (5UHP48TG33)";
				COPY_PHASE_STRIP = NO;
				DEBUG_INFORMATION_FORMAT = "dwarf-with-dsym";
				ENABLE_NS_ASSERTIONS = NO;
				ENABLE_STRICT_OBJC_MSGSEND = YES;
				GCC_C_LANGUAGE_STANDARD = gnu99;
				GCC_NO_COMMON_BLOCKS = YES;
				GCC_WARN_64_TO_32_BIT_CONVERSION = YES;
				GCC_WARN_ABOUT_RETURN_TYPE = YES_ERROR;
				GCC_WARN_UNDECLARED_SELECTOR = YES;
				GCC_WARN_UNINITIALIZED_AUTOS = YES_AGGRESSIVE;
				GCC_WARN_UNUSED_FUNCTION = YES;
				GCC_WARN_UNUSED_VARIABLE = YES;
				IPHONEOS_DEPLOYMENT_TARGET = 9.3;
				MTL_ENABLE_DEBUG_INFO = NO;
				SDKROOT = iphoneos;
				TARGETED_DEVICE_FAMILY = "1,2";
				VALIDATE_PRODUCT = YES;
			};
			name = Release;
		};
		A846FBAD1E03BAD300AA98A9 /* Debug */ = {
			isa = XCBuildConfiguration;
			buildSettings = {
				ASSETCATALOG_COMPILER_APPICON_NAME = AppIcon;
				CODE_SIGN_IDENTITY = "iPhone Developer: ces ruiz (5UHP48TG33)";
				INFOPLIST_FILE = nemapp/Info.plist;
				LD_RUNPATH_SEARCH_PATHS = "$(inherited) @executable_path/Frameworks";
				PRODUCT_BUNDLE_IDENTIFIER = com.sixthsense.Nemapp;
				PRODUCT_NAME = "$(TARGET_NAME)";
			};
			name = Debug;
		};
		A846FBAE1E03BAD300AA98A9 /* Release */ = {
			isa = XCBuildConfiguration;
			buildSettings = {
				ASSETCATALOG_COMPILER_APPICON_NAME = AppIcon;
				CODE_SIGN_IDENTITY = "iPhone Developer: ces ruiz (5UHP48TG33)";
				INFOPLIST_FILE = nemapp/Info.plist;
				LD_RUNPATH_SEARCH_PATHS = "$(inherited) @executable_path/Frameworks";
				PRODUCT_BUNDLE_IDENTIFIER = com.sixthsense.Nemapp;
				PRODUCT_NAME = "$(TARGET_NAME)";
			};
			name = Release;
		};
		A846FBB01E03BAD300AA98A9 /* Debug */ = {
			isa = XCBuildConfiguration;
			buildSettings = {
				BUNDLE_LOADER = "$(TEST_HOST)";
				INFOPLIST_FILE = nemappTests/Info.plist;
				LD_RUNPATH_SEARCH_PATHS = "$(inherited) @executable_path/Frameworks @loader_path/Frameworks";
				PRODUCT_BUNDLE_IDENTIFIER = com.sixthsense.nemappTests;
				PRODUCT_NAME = "$(TARGET_NAME)";
				TEST_HOST = "$(BUILT_PRODUCTS_DIR)/nemapp.app/nemapp";
			};
			name = Debug;
		};
		A846FBB11E03BAD300AA98A9 /* Release */ = {
			isa = XCBuildConfiguration;
			buildSettings = {
				BUNDLE_LOADER = "$(TEST_HOST)";
				INFOPLIST_FILE = nemappTests/Info.plist;
				LD_RUNPATH_SEARCH_PATHS = "$(inherited) @executable_path/Frameworks @loader_path/Frameworks";
				PRODUCT_BUNDLE_IDENTIFIER = com.sixthsense.nemappTests;
				PRODUCT_NAME = "$(TARGET_NAME)";
				TEST_HOST = "$(BUILT_PRODUCTS_DIR)/nemapp.app/nemapp";
			};
			name = Release;
		};
		A846FBB31E03BAD300AA98A9 /* Debug */ = {
			isa = XCBuildConfiguration;
			buildSettings = {
				INFOPLIST_FILE = nemappUITests/Info.plist;
				LD_RUNPATH_SEARCH_PATHS = "$(inherited) @executable_path/Frameworks @loader_path/Frameworks";
				PRODUCT_BUNDLE_IDENTIFIER = com.sixthsense.nemappUITests;
				PRODUCT_NAME = "$(TARGET_NAME)";
				TEST_TARGET_NAME = nemapp;
			};
			name = Debug;
		};
		A846FBB41E03BAD300AA98A9 /* Release */ = {
			isa = XCBuildConfiguration;
			buildSettings = {
				INFOPLIST_FILE = nemappUITests/Info.plist;
				LD_RUNPATH_SEARCH_PATHS = "$(inherited) @executable_path/Frameworks @loader_path/Frameworks";
				PRODUCT_BUNDLE_IDENTIFIER = com.sixthsense.nemappUITests;
				PRODUCT_NAME = "$(TARGET_NAME)";
				TEST_TARGET_NAME = nemapp;
			};
			name = Release;
		};
/* End XCBuildConfiguration section */

/* Begin XCConfigurationList section */
		A846FB771E03BAD300AA98A9 /* Build configuration list for PBXProject "nemapp" */ = {
			isa = XCConfigurationList;
			buildConfigurations = (
				A846FBAA1E03BAD300AA98A9 /* Debug */,
				A846FBAB1E03BAD300AA98A9 /* Release */,
			);
			defaultConfigurationIsVisible = 0;
			defaultConfigurationName = Release;
		};
		A846FBAC1E03BAD300AA98A9 /* Build configuration list for PBXNativeTarget "nemapp" */ = {
			isa = XCConfigurationList;
			buildConfigurations = (
				A846FBAD1E03BAD300AA98A9 /* Debug */,
				A846FBAE1E03BAD300AA98A9 /* Release */,
			);
			defaultConfigurationIsVisible = 0;
		};
		A846FBAF1E03BAD300AA98A9 /* Build configuration list for PBXNativeTarget "nemappTests" */ = {
			isa = XCConfigurationList;
			buildConfigurations = (
				A846FBB01E03BAD300AA98A9 /* Debug */,
				A846FBB11E03BAD300AA98A9 /* Release */,
			);
			defaultConfigurationIsVisible = 0;
		};
		A846FBB21E03BAD300AA98A9 /* Build configuration list for PBXNativeTarget "nemappUITests" */ = {
			isa = XCConfigurationList;
			buildConfigurations = (
				A846FBB31E03BAD300AA98A9 /* Debug */,
				A846FBB41E03BAD300AA98A9 /* Release */,
			);
			defaultConfigurationIsVisible = 0;
		};
/* End XCConfigurationList section */

/* Begin XCVersionGroup section */
		A846FB8B1E03BAD300AA98A9 /* nemapp.xcdatamodeld */ = {
			isa = XCVersionGroup;
			children = (
				A846FB8C1E03BAD300AA98A9 /* nemapp.xcdatamodel */,
			);
			currentVersion = A846FB8C1E03BAD300AA98A9 /* nemapp.xcdatamodel */;
			path = nemapp.xcdatamodeld;
			sourceTree = "<group>";
			versionGroupType = wrapper.xcdatamodel;
		};
/* End XCVersionGroup section */
	};
	rootObject = A846FB741E03BAD300AA98A9 /* Project object */;
}
